// !$*UTF8*$!
{
	archiveVersion = 1;
	classes = {
	};
	objectVersion = 46;
	objects = {

/* Begin PBXBuildFile section */
		0A1886DC1832BCC800A2CBCA /* BytecodeGenerator.cpp in Sources */ = {isa = PBXBuildFile; fileRef = 3F5202F10FA6624C00E75857 /* BytecodeGenerator.cpp */; };
		0A1886DD1832BCC800A2CBCA /* ClassGenerationContext.cpp in Sources */ = {isa = PBXBuildFile; fileRef = 3F5202F30FA6624C00E75857 /* ClassGenerationContext.cpp */; };
		0A1886DE1832BCC800A2CBCA /* Disassembler.cpp in Sources */ = {isa = PBXBuildFile; fileRef = 3F5202F50FA6624C00E75857 /* Disassembler.cpp */; };
		0A1886DF1832BCC800A2CBCA /* Lexer.cpp in Sources */ = {isa = PBXBuildFile; fileRef = 3F5202F70FA6624C00E75857 /* Lexer.cpp */; };
		0A1886E01832BCC800A2CBCA /* MethodGenerationContext.cpp in Sources */ = {isa = PBXBuildFile; fileRef = 3F5202F90FA6624C00E75857 /* MethodGenerationContext.cpp */; };
		0A1886E11832BCC800A2CBCA /* Parser.cpp in Sources */ = {isa = PBXBuildFile; fileRef = 3F5202FB0FA6624C00E75857 /* Parser.cpp */; };
		0A1886E21832BCC800A2CBCA /* SourcecodeCompiler.cpp in Sources */ = {isa = PBXBuildFile; fileRef = 3F5202FD0FA6624C00E75857 /* SourcecodeCompiler.cpp */; };
		0A1886E31832BCD300A2CBCA /* bytecodes.cpp in Sources */ = {isa = PBXBuildFile; fileRef = 3F5203010FA6624C00E75857 /* bytecodes.cpp */; };
		0A1886E41832BCD300A2CBCA /* Interpreter.cpp in Sources */ = {isa = PBXBuildFile; fileRef = 3F5203030FA6624C00E75857 /* Interpreter.cpp */; };
		0A1886E51832BCD700A2CBCA /* Main.cpp in Sources */ = {isa = PBXBuildFile; fileRef = 3F5203050FA6624C00E75857 /* Main.cpp */; };
		0A1886E71832BCDC00A2CBCA /* Heap.cpp in Sources */ = {isa = PBXBuildFile; fileRef = 3F5203090FA6624C00E75857 /* Heap.cpp */; };
		0A1886F51832BCED00A2CBCA /* Shell.cpp in Sources */ = {isa = PBXBuildFile; fileRef = 3F5203300FA6624C00E75857 /* Shell.cpp */; };
		0A1886F61832BCED00A2CBCA /* Universe.cpp in Sources */ = {isa = PBXBuildFile; fileRef = 3F5203320FA6624C00E75857 /* Universe.cpp */; };
		0A1886F71832BCF500A2CBCA /* Signature.cpp in Sources */ = {isa = PBXBuildFile; fileRef = 3F5203370FA6624C00E75857 /* Signature.cpp */; };
		0A1886F91832BCF500A2CBCA /* VMArray.cpp in Sources */ = {isa = PBXBuildFile; fileRef = 3F52033B0FA6624C00E75857 /* VMArray.cpp */; };
		0A1886FB1832BCF500A2CBCA /* VMBlock.cpp in Sources */ = {isa = PBXBuildFile; fileRef = 3F52033F0FA6624C00E75857 /* VMBlock.cpp */; };
		0A1886FC1832BCF500A2CBCA /* VMClass.cpp in Sources */ = {isa = PBXBuildFile; fileRef = 3F5203410FA6624C00E75857 /* VMClass.cpp */; };
		0A1886FD1832BCF500A2CBCA /* VMDouble.cpp in Sources */ = {isa = PBXBuildFile; fileRef = 3F5203430FA6624C00E75857 /* VMDouble.cpp */; };
		0A1886FE1832BCF500A2CBCA /* VMEvaluationPrimitive.cpp in Sources */ = {isa = PBXBuildFile; fileRef = 3F5203450FA6624C00E75857 /* VMEvaluationPrimitive.cpp */; };
		0A1886FF1832BCF500A2CBCA /* VMFrame.cpp in Sources */ = {isa = PBXBuildFile; fileRef = 3F5203470FA6624C00E75857 /* VMFrame.cpp */; };
		0A1887001832BCFA00A2CBCA /* VMInteger.cpp in Sources */ = {isa = PBXBuildFile; fileRef = 3F52034B0FA6624C00E75857 /* VMInteger.cpp */; };
		0A1887011832BCFA00A2CBCA /* VMInvokable.cpp in Sources */ = {isa = PBXBuildFile; fileRef = 3F52034D0FA6624C00E75857 /* VMInvokable.cpp */; };
		0A1887021832BCFA00A2CBCA /* VMMethod.cpp in Sources */ = {isa = PBXBuildFile; fileRef = 3F52034F0FA6624C00E75857 /* VMMethod.cpp */; };
		0A1887031832BCFA00A2CBCA /* VMObject.cpp in Sources */ = {isa = PBXBuildFile; fileRef = 3F5203510FA6624C00E75857 /* VMObject.cpp */; };
		0A1887041832BCFA00A2CBCA /* VMPrimitive.cpp in Sources */ = {isa = PBXBuildFile; fileRef = 3F5203530FA6624C00E75857 /* VMPrimitive.cpp */; };
		0A1887051832BCFA00A2CBCA /* VMString.cpp in Sources */ = {isa = PBXBuildFile; fileRef = 3F5203550FA6624C00E75857 /* VMString.cpp */; };
		0A1887061832BCFA00A2CBCA /* VMSymbol.cpp in Sources */ = {isa = PBXBuildFile; fileRef = 3F5203570FA6624C00E75857 /* VMSymbol.cpp */; };
		0A18870B1832C0E400A2CBCA /* AbstractObject.cpp in Sources */ = {isa = PBXBuildFile; fileRef = 0A1887091832C0E400A2CBCA /* AbstractObject.cpp */; };
		0A1887311832C10E00A2CBCA /* CopyingCollector.cpp in Sources */ = {isa = PBXBuildFile; fileRef = 0A18871D1832C10E00A2CBCA /* CopyingCollector.cpp */; };
		0A1887321832C10E00A2CBCA /* CopyingHeap.cpp in Sources */ = {isa = PBXBuildFile; fileRef = 0A18871F1832C10E00A2CBCA /* CopyingHeap.cpp */; };
		0A1887331832C10E00A2CBCA /* GenerationalCollector.cpp in Sources */ = {isa = PBXBuildFile; fileRef = 0A1887211832C10E00A2CBCA /* GenerationalCollector.cpp */; };
		0A1887341832C10E00A2CBCA /* GenerationalHeap.cpp in Sources */ = {isa = PBXBuildFile; fileRef = 0A1887231832C10E00A2CBCA /* GenerationalHeap.cpp */; };
		0A1887351832C10E00A2CBCA /* MarkSweepCollector.cpp in Sources */ = {isa = PBXBuildFile; fileRef = 0A1887251832C10E00A2CBCA /* MarkSweepCollector.cpp */; };
		0A1887361832C10E00A2CBCA /* MarkSweepHeap.cpp in Sources */ = {isa = PBXBuildFile; fileRef = 0A1887271832C10E00A2CBCA /* MarkSweepHeap.cpp */; };
		0A1887391832C12E00A2CBCA /* Timer.cpp in Sources */ = {isa = PBXBuildFile; fileRef = 0A1887371832C12E00A2CBCA /* Timer.cpp */; };
		0A1887411832C62100A2CBCA /* AUTHORS in CopyFiles */ = {isa = PBXBuildFile; fileRef = 0A18873A1832C62100A2CBCA /* AUTHORS */; };
		0A1887421832C62100A2CBCA /* Examples in CopyFiles */ = {isa = PBXBuildFile; fileRef = 0A18873B1832C62100A2CBCA /* Examples */; };
		0A1887431832C62100A2CBCA /* LICENSE in CopyFiles */ = {isa = PBXBuildFile; fileRef = 0A18873C1832C62100A2CBCA /* LICENSE */; };
		0A1887441832C62100A2CBCA /* README.md in CopyFiles */ = {isa = PBXBuildFile; fileRef = 0A18873D1832C62100A2CBCA /* README.md */; };
		0A1887451832C62100A2CBCA /* Smalltalk in CopyFiles */ = {isa = PBXBuildFile; fileRef = 0A18873E1832C62100A2CBCA /* Smalltalk */; };
		0A1887471832C62100A2CBCA /* TestSuite in CopyFiles */ = {isa = PBXBuildFile; fileRef = 0A1887401832C62100A2CBCA /* TestSuite */; };
		0A32B7FE199D6143002825DF /* IntegerBox.cpp in Sources */ = {isa = PBXBuildFile; fileRef = 0A32B7FC199D6143002825DF /* IntegerBox.cpp */; };
		0A3A3C921A5D546D004CB03B /* Array.cpp in Sources */ = {isa = PBXBuildFile; fileRef = 3F5203120FA6624C00E75857 /* Array.cpp */; };
		0A3A3C931A5D546D004CB03B /* Block.cpp in Sources */ = {isa = PBXBuildFile; fileRef = 3F5203160FA6624C00E75857 /* Block.cpp */; };
		0A3A3C941A5D546D004CB03B /* Class.cpp in Sources */ = {isa = PBXBuildFile; fileRef = 3F5203180FA6624C00E75857 /* Class.cpp */; };
		0A3A3C951A5D546D004CB03B /* Double.cpp in Sources */ = {isa = PBXBuildFile; fileRef = 3F52031C0FA6624C00E75857 /* Double.cpp */; };
		0A3A3C961A5D546D004CB03B /* Integer.cpp in Sources */ = {isa = PBXBuildFile; fileRef = 3F52031E0FA6624C00E75857 /* Integer.cpp */; };
		0A3A3C971A5D546D004CB03B /* Method.cpp in Sources */ = {isa = PBXBuildFile; fileRef = 0A335F6B1832D64100D7CFC8 /* Method.cpp */; };
		0A3A3C981A5D546D004CB03B /* Object.cpp in Sources */ = {isa = PBXBuildFile; fileRef = 3F5203200FA6624C00E75857 /* Object.cpp */; };
		0A3A3C991A5D546D004CB03B /* Primitive.cpp in Sources */ = {isa = PBXBuildFile; fileRef = 0A335F6F1832D65100D7CFC8 /* Primitive.cpp */; };
		0A3A3C9A1A5D546D004CB03B /* String.cpp in Sources */ = {isa = PBXBuildFile; fileRef = 3F5203220FA6624C00E75857 /* String.cpp */; };
		0A3A3C9B1A5D546D004CB03B /* Symbol.cpp in Sources */ = {isa = PBXBuildFile; fileRef = 3F5203240FA6624C00E75857 /* Symbol.cpp */; };
		0A3A3C9C1A5D546D004CB03B /* System.cpp in Sources */ = {isa = PBXBuildFile; fileRef = 3F5203260FA6624C00E75857 /* System.cpp */; };
		0A3A3CA11A5D546D004CB03B /* Array.cpp in Sources */ = {isa = PBXBuildFile; fileRef = 3F5203120FA6624C00E75857 /* Array.cpp */; };
		0A3A3CA21A5D546D004CB03B /* Block.cpp in Sources */ = {isa = PBXBuildFile; fileRef = 3F5203160FA6624C00E75857 /* Block.cpp */; };
		0A3A3CA31A5D546D004CB03B /* Class.cpp in Sources */ = {isa = PBXBuildFile; fileRef = 3F5203180FA6624C00E75857 /* Class.cpp */; };
		0A3A3CA41A5D546D004CB03B /* Double.cpp in Sources */ = {isa = PBXBuildFile; fileRef = 3F52031C0FA6624C00E75857 /* Double.cpp */; };
		0A3A3CA51A5D546D004CB03B /* Integer.cpp in Sources */ = {isa = PBXBuildFile; fileRef = 3F52031E0FA6624C00E75857 /* Integer.cpp */; };
		0A3A3CA61A5D546D004CB03B /* Method.cpp in Sources */ = {isa = PBXBuildFile; fileRef = 0A335F6B1832D64100D7CFC8 /* Method.cpp */; };
		0A3A3CA71A5D546D004CB03B /* Object.cpp in Sources */ = {isa = PBXBuildFile; fileRef = 3F5203200FA6624C00E75857 /* Object.cpp */; };
		0A3A3CA81A5D546D004CB03B /* Primitive.cpp in Sources */ = {isa = PBXBuildFile; fileRef = 0A335F6F1832D65100D7CFC8 /* Primitive.cpp */; };
		0A3A3CA91A5D546D004CB03B /* String.cpp in Sources */ = {isa = PBXBuildFile; fileRef = 3F5203220FA6624C00E75857 /* String.cpp */; };
		0A3A3CAA1A5D546D004CB03B /* Symbol.cpp in Sources */ = {isa = PBXBuildFile; fileRef = 3F5203240FA6624C00E75857 /* Symbol.cpp */; };
		0A3A3CAB1A5D546D004CB03B /* System.cpp in Sources */ = {isa = PBXBuildFile; fileRef = 3F5203260FA6624C00E75857 /* System.cpp */; };
		0A3A3CB01A5D5475004CB03B /* PrimitiveContainer.cpp in Sources */ = {isa = PBXBuildFile; fileRef = 3F5203290FA6624C00E75857 /* PrimitiveContainer.cpp */; };
		0A3A3CB11A5D5475004CB03B /* PrimitiveLoader.cpp in Sources */ = {isa = PBXBuildFile; fileRef = 3F52032B0FA6624C00E75857 /* PrimitiveLoader.cpp */; };
		0A3A3CB21A5D5476004CB03B /* PrimitiveContainer.cpp in Sources */ = {isa = PBXBuildFile; fileRef = 3F5203290FA6624C00E75857 /* PrimitiveContainer.cpp */; };
		0A3A3CB31A5D5476004CB03B /* PrimitiveLoader.cpp in Sources */ = {isa = PBXBuildFile; fileRef = 3F52032B0FA6624C00E75857 /* PrimitiveLoader.cpp */; };
		0A67EA7519ACD43A00830E3B /* CloneObjectsTest.cpp in Sources */ = {isa = PBXBuildFile; fileRef = 0A67EA7019ACD43A00830E3B /* CloneObjectsTest.cpp */; };
		0A67EA7619ACD43A00830E3B /* main.cpp in Sources */ = {isa = PBXBuildFile; fileRef = 0A67EA7119ACD43A00830E3B /* main.cpp */; };
		0A67EA7819ACD43A00830E3B /* WalkObjectsTest.cpp in Sources */ = {isa = PBXBuildFile; fileRef = 0A67EA7319ACD43A00830E3B /* WalkObjectsTest.cpp */; };
		0A67EA7919ACD43A00830E3B /* WriteBarrierTest.cpp in Sources */ = {isa = PBXBuildFile; fileRef = 0A67EA7419ACD43A00830E3B /* WriteBarrierTest.cpp */; };
		0A67EA7B19ACD72C00830E3B /* VMInvokable.cpp in Sources */ = {isa = PBXBuildFile; fileRef = 3F52034D0FA6624C00E75857 /* VMInvokable.cpp */; };
		0A67EA7C19ACD74800830E3B /* AbstractObject.cpp in Sources */ = {isa = PBXBuildFile; fileRef = 0A1887091832C0E400A2CBCA /* AbstractObject.cpp */; };
		0A67EA7D19ACD74800830E3B /* Signature.cpp in Sources */ = {isa = PBXBuildFile; fileRef = 3F5203370FA6624C00E75857 /* Signature.cpp */; };
		0A67EA7E19ACD74800830E3B /* VMArray.cpp in Sources */ = {isa = PBXBuildFile; fileRef = 3F52033B0FA6624C00E75857 /* VMArray.cpp */; };
		0A67EA8019ACD74800830E3B /* VMBlock.cpp in Sources */ = {isa = PBXBuildFile; fileRef = 3F52033F0FA6624C00E75857 /* VMBlock.cpp */; };
		0A67EA8119ACD74800830E3B /* VMClass.cpp in Sources */ = {isa = PBXBuildFile; fileRef = 3F5203410FA6624C00E75857 /* VMClass.cpp */; };
		0A67EA8219ACD74800830E3B /* VMDouble.cpp in Sources */ = {isa = PBXBuildFile; fileRef = 3F5203430FA6624C00E75857 /* VMDouble.cpp */; };
		0A67EA8319ACD74800830E3B /* VMEvaluationPrimitive.cpp in Sources */ = {isa = PBXBuildFile; fileRef = 3F5203450FA6624C00E75857 /* VMEvaluationPrimitive.cpp */; };
		0A67EA8419ACD74800830E3B /* VMFrame.cpp in Sources */ = {isa = PBXBuildFile; fileRef = 3F5203470FA6624C00E75857 /* VMFrame.cpp */; };
		0A67EA8519ACD74800830E3B /* VMInteger.cpp in Sources */ = {isa = PBXBuildFile; fileRef = 3F52034B0FA6624C00E75857 /* VMInteger.cpp */; };
		0A67EA8619ACD74800830E3B /* VMMethod.cpp in Sources */ = {isa = PBXBuildFile; fileRef = 3F52034F0FA6624C00E75857 /* VMMethod.cpp */; };
		0A67EA8719ACD74800830E3B /* VMObject.cpp in Sources */ = {isa = PBXBuildFile; fileRef = 3F5203510FA6624C00E75857 /* VMObject.cpp */; };
		0A67EA8819ACD74800830E3B /* VMPrimitive.cpp in Sources */ = {isa = PBXBuildFile; fileRef = 3F5203530FA6624C00E75857 /* VMPrimitive.cpp */; };
		0A67EA8919ACD74800830E3B /* VMString.cpp in Sources */ = {isa = PBXBuildFile; fileRef = 3F5203550FA6624C00E75857 /* VMString.cpp */; };
		0A67EA8A19ACD74800830E3B /* VMSymbol.cpp in Sources */ = {isa = PBXBuildFile; fileRef = 3F5203570FA6624C00E75857 /* VMSymbol.cpp */; };
		0A67EA8B19ACD82100830E3B /* Shell.cpp in Sources */ = {isa = PBXBuildFile; fileRef = 3F5203300FA6624C00E75857 /* Shell.cpp */; };
		0A67EA8C19ACD82100830E3B /* Universe.cpp in Sources */ = {isa = PBXBuildFile; fileRef = 3F5203320FA6624C00E75857 /* Universe.cpp */; };
		0A67EA8D19ACD83200830E3B /* BytecodeGenerator.cpp in Sources */ = {isa = PBXBuildFile; fileRef = 3F5202F10FA6624C00E75857 /* BytecodeGenerator.cpp */; };
		0A67EA8E19ACD83200830E3B /* ClassGenerationContext.cpp in Sources */ = {isa = PBXBuildFile; fileRef = 3F5202F30FA6624C00E75857 /* ClassGenerationContext.cpp */; };
		0A67EA8F19ACD83200830E3B /* Disassembler.cpp in Sources */ = {isa = PBXBuildFile; fileRef = 3F5202F50FA6624C00E75857 /* Disassembler.cpp */; };
		0A67EA9019ACD83200830E3B /* Lexer.cpp in Sources */ = {isa = PBXBuildFile; fileRef = 3F5202F70FA6624C00E75857 /* Lexer.cpp */; };
		0A67EA9119ACD83200830E3B /* MethodGenerationContext.cpp in Sources */ = {isa = PBXBuildFile; fileRef = 3F5202F90FA6624C00E75857 /* MethodGenerationContext.cpp */; };
		0A67EA9219ACD83200830E3B /* Parser.cpp in Sources */ = {isa = PBXBuildFile; fileRef = 3F5202FB0FA6624C00E75857 /* Parser.cpp */; };
		0A67EA9319ACD83200830E3B /* SourcecodeCompiler.cpp in Sources */ = {isa = PBXBuildFile; fileRef = 3F5202FD0FA6624C00E75857 /* SourcecodeCompiler.cpp */; };
		0A67EA9419ACD83900830E3B /* bytecodes.cpp in Sources */ = {isa = PBXBuildFile; fileRef = 3F5203010FA6624C00E75857 /* bytecodes.cpp */; };
		0A67EA9519ACD83900830E3B /* Interpreter.cpp in Sources */ = {isa = PBXBuildFile; fileRef = 3F5203030FA6624C00E75857 /* Interpreter.cpp */; };
		0A67EA9619ACD84300830E3B /* Timer.cpp in Sources */ = {isa = PBXBuildFile; fileRef = 0A1887371832C12E00A2CBCA /* Timer.cpp */; };
		0A67EA9719ACD84F00830E3B /* GenerationalHeap.cpp in Sources */ = {isa = PBXBuildFile; fileRef = 0A1887231832C10E00A2CBCA /* GenerationalHeap.cpp */; };
		0A67EA9819ACD85300830E3B /* GenerationalCollector.cpp in Sources */ = {isa = PBXBuildFile; fileRef = 0A1887211832C10E00A2CBCA /* GenerationalCollector.cpp */; };
		0A67EA9A19ACD85E00830E3B /* Heap.cpp in Sources */ = {isa = PBXBuildFile; fileRef = 3F5203090FA6624C00E75857 /* Heap.cpp */; };
		0A67EA9B19ACDB4600830E3B /* AUTHORS in CopyFiles */ = {isa = PBXBuildFile; fileRef = 0A18873A1832C62100A2CBCA /* AUTHORS */; };
		0A67EA9C19ACDB4600830E3B /* Examples in CopyFiles */ = {isa = PBXBuildFile; fileRef = 0A18873B1832C62100A2CBCA /* Examples */; };
		0A67EA9D19ACDB4600830E3B /* LICENSE in CopyFiles */ = {isa = PBXBuildFile; fileRef = 0A18873C1832C62100A2CBCA /* LICENSE */; };
		0A67EA9E19ACDB4600830E3B /* README.md in CopyFiles */ = {isa = PBXBuildFile; fileRef = 0A18873D1832C62100A2CBCA /* README.md */; };
		0A67EA9F19ACDB4600830E3B /* Smalltalk in CopyFiles */ = {isa = PBXBuildFile; fileRef = 0A18873E1832C62100A2CBCA /* Smalltalk */; };
		0A67EAA119ACDB4600830E3B /* TestSuite in CopyFiles */ = {isa = PBXBuildFile; fileRef = 0A1887401832C62100A2CBCA /* TestSuite */; };
/* End PBXBuildFile section */

/* Begin PBXCopyFilesBuildPhase section */
		0A1886C31832BBC900A2CBCA /* CopyFiles */ = {
			isa = PBXCopyFilesBuildPhase;
			buildActionMask = 12;
			dstPath = .;
			dstSubfolderSpec = 16;
			files = (
				0A1887411832C62100A2CBCA /* AUTHORS in CopyFiles */,
				0A1887421832C62100A2CBCA /* Examples in CopyFiles */,
				0A1887431832C62100A2CBCA /* LICENSE in CopyFiles */,
				0A1887441832C62100A2CBCA /* README.md in CopyFiles */,
				0A1887451832C62100A2CBCA /* Smalltalk in CopyFiles */,
				0A1887471832C62100A2CBCA /* TestSuite in CopyFiles */,
			);
			runOnlyForDeploymentPostprocessing = 0;
		};
		0A67EA6519ACD37200830E3B /* CopyFiles */ = {
			isa = PBXCopyFilesBuildPhase;
			buildActionMask = 12;
			dstPath = .;
			dstSubfolderSpec = 16;
			files = (
				0A67EA9B19ACDB4600830E3B /* AUTHORS in CopyFiles */,
				0A67EA9C19ACDB4600830E3B /* Examples in CopyFiles */,
				0A67EA9D19ACDB4600830E3B /* LICENSE in CopyFiles */,
				0A67EA9E19ACDB4600830E3B /* README.md in CopyFiles */,
				0A67EA9F19ACDB4600830E3B /* Smalltalk in CopyFiles */,
				0A67EAA119ACDB4600830E3B /* TestSuite in CopyFiles */,
			);
			runOnlyForDeploymentPostprocessing = 0;
		};
/* End PBXCopyFilesBuildPhase section */

/* Begin PBXFileReference section */
		0A1886C51832BBC900A2CBCA /* SOM++ */ = {isa = PBXFileReference; explicitFileType = "compiled.mach-o.executable"; includeInIndex = 0; path = "SOM++"; sourceTree = BUILT_PRODUCTS_DIR; };
		0A1887091832C0E400A2CBCA /* AbstractObject.cpp */ = {isa = PBXFileReference; fileEncoding = 4; lastKnownFileType = sourcecode.cpp.cpp; path = AbstractObject.cpp; sourceTree = "<group>"; };
		0A18870A1832C0E400A2CBCA /* AbstractObject.h */ = {isa = PBXFileReference; fileEncoding = 4; lastKnownFileType = sourcecode.c.h; path = AbstractObject.h; sourceTree = "<group>"; };
		0A18871D1832C10E00A2CBCA /* CopyingCollector.cpp */ = {isa = PBXFileReference; fileEncoding = 4; lastKnownFileType = sourcecode.cpp.cpp; path = CopyingCollector.cpp; sourceTree = "<group>"; };
		0A18871E1832C10E00A2CBCA /* CopyingCollector.h */ = {isa = PBXFileReference; fileEncoding = 4; lastKnownFileType = sourcecode.c.h; path = CopyingCollector.h; sourceTree = "<group>"; };
		0A18871F1832C10E00A2CBCA /* CopyingHeap.cpp */ = {isa = PBXFileReference; fileEncoding = 4; lastKnownFileType = sourcecode.cpp.cpp; path = CopyingHeap.cpp; sourceTree = "<group>"; };
		0A1887201832C10E00A2CBCA /* CopyingHeap.h */ = {isa = PBXFileReference; fileEncoding = 4; lastKnownFileType = sourcecode.c.h; path = CopyingHeap.h; sourceTree = "<group>"; };
		0A1887211832C10E00A2CBCA /* GenerationalCollector.cpp */ = {isa = PBXFileReference; fileEncoding = 4; lastKnownFileType = sourcecode.cpp.cpp; path = GenerationalCollector.cpp; sourceTree = "<group>"; };
		0A1887221832C10E00A2CBCA /* GenerationalCollector.h */ = {isa = PBXFileReference; fileEncoding = 4; lastKnownFileType = sourcecode.c.h; path = GenerationalCollector.h; sourceTree = "<group>"; };
		0A1887231832C10E00A2CBCA /* GenerationalHeap.cpp */ = {isa = PBXFileReference; fileEncoding = 4; lastKnownFileType = sourcecode.cpp.cpp; path = GenerationalHeap.cpp; sourceTree = "<group>"; };
		0A1887241832C10E00A2CBCA /* GenerationalHeap.h */ = {isa = PBXFileReference; fileEncoding = 4; lastKnownFileType = sourcecode.c.h; path = GenerationalHeap.h; sourceTree = "<group>"; };
		0A1887251832C10E00A2CBCA /* MarkSweepCollector.cpp */ = {isa = PBXFileReference; fileEncoding = 4; lastKnownFileType = sourcecode.cpp.cpp; path = MarkSweepCollector.cpp; sourceTree = "<group>"; };
		0A1887261832C10E00A2CBCA /* MarkSweepCollector.h */ = {isa = PBXFileReference; fileEncoding = 4; lastKnownFileType = sourcecode.c.h; path = MarkSweepCollector.h; sourceTree = "<group>"; };
		0A1887271832C10E00A2CBCA /* MarkSweepHeap.cpp */ = {isa = PBXFileReference; fileEncoding = 4; lastKnownFileType = sourcecode.cpp.cpp; path = MarkSweepHeap.cpp; sourceTree = "<group>"; };
		0A1887281832C10E00A2CBCA /* MarkSweepHeap.h */ = {isa = PBXFileReference; fileEncoding = 4; lastKnownFileType = sourcecode.c.h; path = MarkSweepHeap.h; sourceTree = "<group>"; };
		0A1887371832C12E00A2CBCA /* Timer.cpp */ = {isa = PBXFileReference; fileEncoding = 4; lastKnownFileType = sourcecode.cpp.cpp; path = Timer.cpp; sourceTree = "<group>"; };
		0A1887381832C12E00A2CBCA /* Timer.h */ = {isa = PBXFileReference; fileEncoding = 4; lastKnownFileType = sourcecode.c.h; path = Timer.h; sourceTree = "<group>"; };
		0A18873A1832C62100A2CBCA /* AUTHORS */ = {isa = PBXFileReference; lastKnownFileType = text; name = AUTHORS; path = "core-lib/AUTHORS"; sourceTree = "<group>"; };
		0A18873B1832C62100A2CBCA /* Examples */ = {isa = PBXFileReference; lastKnownFileType = folder; name = Examples; path = "core-lib/Examples"; sourceTree = "<group>"; };
		0A18873C1832C62100A2CBCA /* LICENSE */ = {isa = PBXFileReference; lastKnownFileType = text; name = LICENSE; path = "core-lib/LICENSE"; sourceTree = "<group>"; };
		0A18873D1832C62100A2CBCA /* README.md */ = {isa = PBXFileReference; lastKnownFileType = text; name = README.md; path = "core-lib/README.md"; sourceTree = "<group>"; };
		0A18873E1832C62100A2CBCA /* Smalltalk */ = {isa = PBXFileReference; lastKnownFileType = folder; name = Smalltalk; path = "core-lib/Smalltalk"; sourceTree = "<group>"; };
		0A1887401832C62100A2CBCA /* TestSuite */ = {isa = PBXFileReference; lastKnownFileType = folder; name = TestSuite; path = "core-lib/TestSuite"; sourceTree = "<group>"; };
		0A32B7FC199D6143002825DF /* IntegerBox.cpp */ = {isa = PBXFileReference; fileEncoding = 4; lastKnownFileType = sourcecode.cpp.cpp; path = IntegerBox.cpp; sourceTree = "<group>"; };
		0A32B7FD199D6143002825DF /* IntegerBox.h */ = {isa = PBXFileReference; fileEncoding = 4; lastKnownFileType = sourcecode.c.h; path = IntegerBox.h; sourceTree = "<group>"; };
		0A32B80119A12A03002825DF /* VMObjectBase.h */ = {isa = PBXFileReference; lastKnownFileType = sourcecode.c.h; path = VMObjectBase.h; sourceTree = "<group>"; };
		0A335F6B1832D64100D7CFC8 /* Method.cpp */ = {isa = PBXFileReference; fileEncoding = 4; lastKnownFileType = sourcecode.cpp.cpp; path = Method.cpp; sourceTree = "<group>"; };
		0A335F6C1832D64100D7CFC8 /* Method.h */ = {isa = PBXFileReference; fileEncoding = 4; lastKnownFileType = sourcecode.c.h; path = Method.h; sourceTree = "<group>"; };
		0A335F6F1832D65100D7CFC8 /* Primitive.cpp */ = {isa = PBXFileReference; fileEncoding = 4; lastKnownFileType = sourcecode.cpp.cpp; path = Primitive.cpp; sourceTree = "<group>"; };
		0A335F701832D65100D7CFC8 /* Primitive.h */ = {isa = PBXFileReference; fileEncoding = 4; lastKnownFileType = sourcecode.c.h; path = Primitive.h; sourceTree = "<group>"; };
		0A67EA6719ACD37200830E3B /* unittests */ = {isa = PBXFileReference; explicitFileType = "compiled.mach-o.executable"; includeInIndex = 0; path = unittests; sourceTree = BUILT_PRODUCTS_DIR; };
		0A67EA7019ACD43A00830E3B /* CloneObjectsTest.cpp */ = {isa = PBXFileReference; fileEncoding = 4; lastKnownFileType = sourcecode.cpp.cpp; name = CloneObjectsTest.cpp; path = unitTests/CloneObjectsTest.cpp; sourceTree = "<group>"; };
		0A67EA7119ACD43A00830E3B /* main.cpp */ = {isa = PBXFileReference; fileEncoding = 4; lastKnownFileType = sourcecode.cpp.cpp; name = main.cpp; path = unitTests/main.cpp; sourceTree = "<group>"; };
		0A67EA7319ACD43A00830E3B /* WalkObjectsTest.cpp */ = {isa = PBXFileReference; fileEncoding = 4; lastKnownFileType = sourcecode.cpp.cpp; name = WalkObjectsTest.cpp; path = unitTests/WalkObjectsTest.cpp; sourceTree = "<group>"; };
		0A67EA7419ACD43A00830E3B /* WriteBarrierTest.cpp */ = {isa = PBXFileReference; fileEncoding = 4; lastKnownFileType = sourcecode.cpp.cpp; name = WriteBarrierTest.cpp; path = unitTests/WriteBarrierTest.cpp; sourceTree = "<group>"; };
		0A67EAA319ACE09700830E3B /* CloneObjectsTest.h */ = {isa = PBXFileReference; fileEncoding = 4; lastKnownFileType = sourcecode.c.h; name = CloneObjectsTest.h; path = unitTests/CloneObjectsTest.h; sourceTree = "<group>"; };
		0A67EAA519ACE09700830E3B /* WalkObjectsTest.h */ = {isa = PBXFileReference; fileEncoding = 4; lastKnownFileType = sourcecode.c.h; name = WalkObjectsTest.h; path = unitTests/WalkObjectsTest.h; sourceTree = "<group>"; };
		0A67EAA619ACE09700830E3B /* WriteBarrierTest.h */ = {isa = PBXFileReference; fileEncoding = 4; lastKnownFileType = sourcecode.c.h; name = WriteBarrierTest.h; path = unitTests/WriteBarrierTest.h; sourceTree = "<group>"; };
		3F5202930FA6624C00E75857 /* build_darwin.sh */ = {isa = PBXFileReference; fileEncoding = 4; lastKnownFileType = text.script.sh; path = build_darwin.sh; sourceTree = "<group>"; };
		3F5202940FA6624C00E75857 /* Darwin.make */ = {isa = PBXFileReference; fileEncoding = 4; lastKnownFileType = text; path = Darwin.make; sourceTree = "<group>"; };
		3F5202950FA6624C00E75857 /* Linux.make */ = {isa = PBXFileReference; fileEncoding = 4; lastKnownFileType = text; path = Linux.make; sourceTree = "<group>"; };
		3F5202A40FA6624C00E75857 /* windows.make */ = {isa = PBXFileReference; fileEncoding = 4; lastKnownFileType = text; path = windows.make; sourceTree = "<group>"; };
		3F5202F10FA6624C00E75857 /* BytecodeGenerator.cpp */ = {isa = PBXFileReference; fileEncoding = 4; lastKnownFileType = sourcecode.cpp.cpp; path = BytecodeGenerator.cpp; sourceTree = "<group>"; };
		3F5202F20FA6624C00E75857 /* BytecodeGenerator.h */ = {isa = PBXFileReference; fileEncoding = 4; lastKnownFileType = sourcecode.c.h; path = BytecodeGenerator.h; sourceTree = "<group>"; };
		3F5202F30FA6624C00E75857 /* ClassGenerationContext.cpp */ = {isa = PBXFileReference; fileEncoding = 4; lastKnownFileType = sourcecode.cpp.cpp; path = ClassGenerationContext.cpp; sourceTree = "<group>"; };
		3F5202F40FA6624C00E75857 /* ClassGenerationContext.h */ = {isa = PBXFileReference; fileEncoding = 4; lastKnownFileType = sourcecode.c.h; path = ClassGenerationContext.h; sourceTree = "<group>"; };
		3F5202F50FA6624C00E75857 /* Disassembler.cpp */ = {isa = PBXFileReference; fileEncoding = 4; lastKnownFileType = sourcecode.cpp.cpp; path = Disassembler.cpp; sourceTree = "<group>"; };
		3F5202F60FA6624C00E75857 /* Disassembler.h */ = {isa = PBXFileReference; fileEncoding = 4; lastKnownFileType = sourcecode.c.h; path = Disassembler.h; sourceTree = "<group>"; };
		3F5202F70FA6624C00E75857 /* Lexer.cpp */ = {isa = PBXFileReference; fileEncoding = 4; lastKnownFileType = sourcecode.cpp.cpp; path = Lexer.cpp; sourceTree = "<group>"; };
		3F5202F80FA6624C00E75857 /* Lexer.h */ = {isa = PBXFileReference; fileEncoding = 4; lastKnownFileType = sourcecode.c.h; path = Lexer.h; sourceTree = "<group>"; };
		3F5202F90FA6624C00E75857 /* MethodGenerationContext.cpp */ = {isa = PBXFileReference; fileEncoding = 4; lastKnownFileType = sourcecode.cpp.cpp; path = MethodGenerationContext.cpp; sourceTree = "<group>"; };
		3F5202FA0FA6624C00E75857 /* MethodGenerationContext.h */ = {isa = PBXFileReference; fileEncoding = 4; lastKnownFileType = sourcecode.c.h; path = MethodGenerationContext.h; sourceTree = "<group>"; };
		3F5202FB0FA6624C00E75857 /* Parser.cpp */ = {isa = PBXFileReference; fileEncoding = 4; lastKnownFileType = sourcecode.cpp.cpp; path = Parser.cpp; sourceTree = "<group>"; };
		3F5202FC0FA6624C00E75857 /* Parser.h */ = {isa = PBXFileReference; fileEncoding = 4; lastKnownFileType = sourcecode.c.h; path = Parser.h; sourceTree = "<group>"; };
		3F5202FD0FA6624C00E75857 /* SourcecodeCompiler.cpp */ = {isa = PBXFileReference; fileEncoding = 4; lastKnownFileType = sourcecode.cpp.cpp; path = SourcecodeCompiler.cpp; sourceTree = "<group>"; };
		3F5202FE0FA6624C00E75857 /* SourcecodeCompiler.h */ = {isa = PBXFileReference; fileEncoding = 4; lastKnownFileType = sourcecode.c.h; path = SourcecodeCompiler.h; sourceTree = "<group>"; };
		3F5203010FA6624C00E75857 /* bytecodes.cpp */ = {isa = PBXFileReference; fileEncoding = 4; lastKnownFileType = sourcecode.cpp.cpp; path = bytecodes.cpp; sourceTree = "<group>"; };
		3F5203020FA6624C00E75857 /* bytecodes.h */ = {isa = PBXFileReference; fileEncoding = 4; lastKnownFileType = sourcecode.c.h; path = bytecodes.h; sourceTree = "<group>"; };
		3F5203030FA6624C00E75857 /* Interpreter.cpp */ = {isa = PBXFileReference; fileEncoding = 4; lastKnownFileType = sourcecode.cpp.cpp; path = Interpreter.cpp; sourceTree = "<group>"; };
		3F5203040FA6624C00E75857 /* Interpreter.h */ = {isa = PBXFileReference; fileEncoding = 4; lastKnownFileType = sourcecode.c.h; path = Interpreter.h; sourceTree = "<group>"; };
		3F5203050FA6624C00E75857 /* Main.cpp */ = {isa = PBXFileReference; fileEncoding = 4; lastKnownFileType = sourcecode.cpp.cpp; path = Main.cpp; sourceTree = "<group>"; };
		3F5203080FA6624C00E75857 /* GarbageCollector.h */ = {isa = PBXFileReference; fileEncoding = 4; lastKnownFileType = sourcecode.c.h; path = GarbageCollector.h; sourceTree = "<group>"; };
		3F5203090FA6624C00E75857 /* Heap.cpp */ = {isa = PBXFileReference; fileEncoding = 4; lastKnownFileType = sourcecode.cpp.cpp; path = Heap.cpp; sourceTree = "<group>"; };
		3F52030A0FA6624C00E75857 /* Heap.h */ = {isa = PBXFileReference; fileEncoding = 4; lastKnownFileType = sourcecode.c.h; path = Heap.h; sourceTree = "<group>"; };
		3F52030C0FA6624C00E75857 /* debug.h */ = {isa = PBXFileReference; fileEncoding = 4; lastKnownFileType = sourcecode.c.h; path = debug.h; sourceTree = "<group>"; };
		3F52030D0FA6624C00E75857 /* defs.h */ = {isa = PBXFileReference; fileEncoding = 4; lastKnownFileType = sourcecode.c.h; path = defs.h; sourceTree = "<group>"; };
		3F52030E0FA6624C00E75857 /* ExtendedList.h */ = {isa = PBXFileReference; fileEncoding = 4; lastKnownFileType = sourcecode.c.h; path = ExtendedList.h; sourceTree = "<group>"; };
		3F52030F0FA6624C00E75857 /* gettimeofday.h */ = {isa = PBXFileReference; fileEncoding = 4; lastKnownFileType = sourcecode.c.h; path = gettimeofday.h; sourceTree = "<group>"; };
		3F5203120FA6624C00E75857 /* Array.cpp */ = {isa = PBXFileReference; fileEncoding = 4; lastKnownFileType = sourcecode.cpp.cpp; path = Array.cpp; sourceTree = "<group>"; };
		3F5203130FA6624C00E75857 /* Array.h */ = {isa = PBXFileReference; fileEncoding = 4; lastKnownFileType = sourcecode.c.h; path = Array.h; sourceTree = "<group>"; };
		3F5203160FA6624C00E75857 /* Block.cpp */ = {isa = PBXFileReference; fileEncoding = 4; lastKnownFileType = sourcecode.cpp.cpp; path = Block.cpp; sourceTree = "<group>"; };
		3F5203170FA6624C00E75857 /* Block.h */ = {isa = PBXFileReference; fileEncoding = 4; lastKnownFileType = sourcecode.c.h; path = Block.h; sourceTree = "<group>"; };
		3F5203180FA6624C00E75857 /* Class.cpp */ = {isa = PBXFileReference; fileEncoding = 4; lastKnownFileType = sourcecode.cpp.cpp; path = Class.cpp; sourceTree = "<group>"; };
		3F5203190FA6624C00E75857 /* Class.h */ = {isa = PBXFileReference; fileEncoding = 4; lastKnownFileType = sourcecode.c.h; path = Class.h; sourceTree = "<group>"; };
		3F52031C0FA6624C00E75857 /* Double.cpp */ = {isa = PBXFileReference; fileEncoding = 4; lastKnownFileType = sourcecode.cpp.cpp; path = Double.cpp; sourceTree = "<group>"; };
		3F52031D0FA6624C00E75857 /* Double.h */ = {isa = PBXFileReference; fileEncoding = 4; lastKnownFileType = sourcecode.c.h; path = Double.h; sourceTree = "<group>"; };
		3F52031E0FA6624C00E75857 /* Integer.cpp */ = {isa = PBXFileReference; fileEncoding = 4; lastKnownFileType = sourcecode.cpp.cpp; path = Integer.cpp; sourceTree = "<group>"; };
		3F52031F0FA6624C00E75857 /* Integer.h */ = {isa = PBXFileReference; fileEncoding = 4; lastKnownFileType = sourcecode.c.h; path = Integer.h; sourceTree = "<group>"; };
		3F5203200FA6624C00E75857 /* Object.cpp */ = {isa = PBXFileReference; fileEncoding = 4; lastKnownFileType = sourcecode.cpp.cpp; path = Object.cpp; sourceTree = "<group>"; };
		3F5203210FA6624C00E75857 /* Object.h */ = {isa = PBXFileReference; fileEncoding = 4; lastKnownFileType = sourcecode.c.h; path = Object.h; sourceTree = "<group>"; };
		3F5203220FA6624C00E75857 /* String.cpp */ = {isa = PBXFileReference; fileEncoding = 4; lastKnownFileType = sourcecode.cpp.cpp; path = String.cpp; sourceTree = "<group>"; };
		3F5203230FA6624C00E75857 /* String.h */ = {isa = PBXFileReference; fileEncoding = 4; lastKnownFileType = sourcecode.c.h; path = String.h; sourceTree = "<group>"; };
		3F5203240FA6624C00E75857 /* Symbol.cpp */ = {isa = PBXFileReference; fileEncoding = 4; lastKnownFileType = sourcecode.cpp.cpp; path = Symbol.cpp; sourceTree = "<group>"; };
		3F5203250FA6624C00E75857 /* Symbol.h */ = {isa = PBXFileReference; fileEncoding = 4; lastKnownFileType = sourcecode.c.h; path = Symbol.h; sourceTree = "<group>"; };
		3F5203260FA6624C00E75857 /* System.cpp */ = {isa = PBXFileReference; fileEncoding = 4; lastKnownFileType = sourcecode.cpp.cpp; path = System.cpp; sourceTree = "<group>"; };
		3F5203270FA6624C00E75857 /* System.h */ = {isa = PBXFileReference; fileEncoding = 4; lastKnownFileType = sourcecode.c.h; path = System.h; sourceTree = "<group>"; };
		3F5203290FA6624C00E75857 /* PrimitiveContainer.cpp */ = {isa = PBXFileReference; fileEncoding = 4; lastKnownFileType = sourcecode.cpp.cpp; path = PrimitiveContainer.cpp; sourceTree = "<group>"; };
		3F52032A0FA6624C00E75857 /* PrimitiveContainer.h */ = {isa = PBXFileReference; fileEncoding = 4; lastKnownFileType = sourcecode.c.h; path = PrimitiveContainer.h; sourceTree = "<group>"; };
		3F52032B0FA6624C00E75857 /* PrimitiveLoader.cpp */ = {isa = PBXFileReference; fileEncoding = 4; lastKnownFileType = sourcecode.cpp.cpp; path = PrimitiveLoader.cpp; sourceTree = "<group>"; };
		3F52032C0FA6624C00E75857 /* PrimitiveLoader.h */ = {isa = PBXFileReference; fileEncoding = 4; lastKnownFileType = sourcecode.c.h; path = PrimitiveLoader.h; sourceTree = "<group>"; };
		3F52032E0FA6624C00E75857 /* Routine.h */ = {isa = PBXFileReference; fileEncoding = 4; lastKnownFileType = sourcecode.c.h; path = Routine.h; sourceTree = "<group>"; };
		3F5203300FA6624C00E75857 /* Shell.cpp */ = {isa = PBXFileReference; fileEncoding = 4; lastKnownFileType = sourcecode.cpp.cpp; path = Shell.cpp; sourceTree = "<group>"; };
		3F5203310FA6624C00E75857 /* Shell.h */ = {isa = PBXFileReference; fileEncoding = 4; lastKnownFileType = sourcecode.c.h; path = Shell.h; sourceTree = "<group>"; };
		3F5203320FA6624C00E75857 /* Universe.cpp */ = {isa = PBXFileReference; fileEncoding = 4; lastKnownFileType = sourcecode.cpp.cpp; path = Universe.cpp; sourceTree = "<group>"; };
		3F5203330FA6624C00E75857 /* Universe.h */ = {isa = PBXFileReference; fileEncoding = 4; lastKnownFileType = sourcecode.c.h; path = Universe.h; sourceTree = "<group>"; };
		3F5203350FA6624C00E75857 /* ObjectFormats.h */ = {isa = PBXFileReference; fileEncoding = 4; lastKnownFileType = sourcecode.c.h; path = ObjectFormats.h; sourceTree = "<group>"; };
		3F5203360FA6624C00E75857 /* PrimitiveRoutine.h */ = {isa = PBXFileReference; fileEncoding = 4; lastKnownFileType = sourcecode.c.h; path = PrimitiveRoutine.h; sourceTree = "<group>"; };
		3F5203370FA6624C00E75857 /* Signature.cpp */ = {isa = PBXFileReference; fileEncoding = 4; lastKnownFileType = sourcecode.cpp.cpp; path = Signature.cpp; sourceTree = "<group>"; };
		3F5203380FA6624C00E75857 /* Signature.h */ = {isa = PBXFileReference; fileEncoding = 4; lastKnownFileType = sourcecode.c.h; path = Signature.h; sourceTree = "<group>"; };
		3F52033B0FA6624C00E75857 /* VMArray.cpp */ = {isa = PBXFileReference; fileEncoding = 4; lastKnownFileType = sourcecode.cpp.cpp; path = VMArray.cpp; sourceTree = "<group>"; };
		3F52033C0FA6624C00E75857 /* VMArray.h */ = {isa = PBXFileReference; fileEncoding = 4; lastKnownFileType = sourcecode.c.h; path = VMArray.h; sourceTree = "<group>"; };
		3F52033F0FA6624C00E75857 /* VMBlock.cpp */ = {isa = PBXFileReference; fileEncoding = 4; lastKnownFileType = sourcecode.cpp.cpp; path = VMBlock.cpp; sourceTree = "<group>"; };
		3F5203400FA6624C00E75857 /* VMBlock.h */ = {isa = PBXFileReference; fileEncoding = 4; lastKnownFileType = sourcecode.c.h; path = VMBlock.h; sourceTree = "<group>"; };
		3F5203410FA6624C00E75857 /* VMClass.cpp */ = {isa = PBXFileReference; fileEncoding = 4; lastKnownFileType = sourcecode.cpp.cpp; path = VMClass.cpp; sourceTree = "<group>"; };
		3F5203420FA6624C00E75857 /* VMClass.h */ = {isa = PBXFileReference; fileEncoding = 4; lastKnownFileType = sourcecode.c.h; path = VMClass.h; sourceTree = "<group>"; };
		3F5203430FA6624C00E75857 /* VMDouble.cpp */ = {isa = PBXFileReference; fileEncoding = 4; lastKnownFileType = sourcecode.cpp.cpp; path = VMDouble.cpp; sourceTree = "<group>"; };
		3F5203440FA6624C00E75857 /* VMDouble.h */ = {isa = PBXFileReference; fileEncoding = 4; lastKnownFileType = sourcecode.c.h; path = VMDouble.h; sourceTree = "<group>"; };
		3F5203450FA6624C00E75857 /* VMEvaluationPrimitive.cpp */ = {isa = PBXFileReference; fileEncoding = 4; lastKnownFileType = sourcecode.cpp.cpp; path = VMEvaluationPrimitive.cpp; sourceTree = "<group>"; };
		3F5203460FA6624C00E75857 /* VMEvaluationPrimitive.h */ = {isa = PBXFileReference; fileEncoding = 4; lastKnownFileType = sourcecode.c.h; path = VMEvaluationPrimitive.h; sourceTree = "<group>"; };
		3F5203470FA6624C00E75857 /* VMFrame.cpp */ = {isa = PBXFileReference; fileEncoding = 4; lastKnownFileType = sourcecode.cpp.cpp; path = VMFrame.cpp; sourceTree = "<group>"; };
		3F5203480FA6624C00E75857 /* VMFrame.h */ = {isa = PBXFileReference; fileEncoding = 4; lastKnownFileType = sourcecode.c.h; path = VMFrame.h; sourceTree = "<group>"; };
		3F52034B0FA6624C00E75857 /* VMInteger.cpp */ = {isa = PBXFileReference; fileEncoding = 4; lastKnownFileType = sourcecode.cpp.cpp; path = VMInteger.cpp; sourceTree = "<group>"; };
		3F52034C0FA6624C00E75857 /* VMInteger.h */ = {isa = PBXFileReference; fileEncoding = 4; lastKnownFileType = sourcecode.c.h; path = VMInteger.h; sourceTree = "<group>"; };
		3F52034D0FA6624C00E75857 /* VMInvokable.cpp */ = {isa = PBXFileReference; fileEncoding = 4; lastKnownFileType = sourcecode.cpp.cpp; path = VMInvokable.cpp; sourceTree = "<group>"; };
		3F52034E0FA6624C00E75857 /* VMInvokable.h */ = {isa = PBXFileReference; fileEncoding = 4; lastKnownFileType = sourcecode.c.h; path = VMInvokable.h; sourceTree = "<group>"; };
		3F52034F0FA6624C00E75857 /* VMMethod.cpp */ = {isa = PBXFileReference; fileEncoding = 4; lastKnownFileType = sourcecode.cpp.cpp; path = VMMethod.cpp; sourceTree = "<group>"; };
		3F5203500FA6624C00E75857 /* VMMethod.h */ = {isa = PBXFileReference; fileEncoding = 4; lastKnownFileType = sourcecode.c.h; path = VMMethod.h; sourceTree = "<group>"; };
		3F5203510FA6624C00E75857 /* VMObject.cpp */ = {isa = PBXFileReference; fileEncoding = 4; lastKnownFileType = sourcecode.cpp.cpp; path = VMObject.cpp; sourceTree = "<group>"; };
		3F5203520FA6624C00E75857 /* VMObject.h */ = {isa = PBXFileReference; fileEncoding = 4; lastKnownFileType = sourcecode.c.h; path = VMObject.h; sourceTree = "<group>"; };
		3F5203530FA6624C00E75857 /* VMPrimitive.cpp */ = {isa = PBXFileReference; fileEncoding = 4; lastKnownFileType = sourcecode.cpp.cpp; path = VMPrimitive.cpp; sourceTree = "<group>"; };
		3F5203540FA6624C00E75857 /* VMPrimitive.h */ = {isa = PBXFileReference; fileEncoding = 4; lastKnownFileType = sourcecode.c.h; path = VMPrimitive.h; sourceTree = "<group>"; };
		3F5203550FA6624C00E75857 /* VMString.cpp */ = {isa = PBXFileReference; fileEncoding = 4; lastKnownFileType = sourcecode.cpp.cpp; path = VMString.cpp; sourceTree = "<group>"; };
		3F5203560FA6624C00E75857 /* VMString.h */ = {isa = PBXFileReference; fileEncoding = 4; lastKnownFileType = sourcecode.c.h; path = VMString.h; sourceTree = "<group>"; };
		3F5203570FA6624C00E75857 /* VMSymbol.cpp */ = {isa = PBXFileReference; fileEncoding = 4; lastKnownFileType = sourcecode.cpp.cpp; path = VMSymbol.cpp; sourceTree = "<group>"; };
		3F5203580FA6624C00E75857 /* VMSymbol.h */ = {isa = PBXFileReference; fileEncoding = 4; lastKnownFileType = sourcecode.c.h; path = VMSymbol.h; sourceTree = "<group>"; };
		E18AE2800FB1C44700EE6540 /* Array.som */ = {isa = PBXFileReference; fileEncoding = 4; lastKnownFileType = text; path = Array.som; sourceTree = "<group>"; };
		E18AE2810FB1C44700EE6540 /* BigInteger.som */ = {isa = PBXFileReference; fileEncoding = 4; lastKnownFileType = text; path = BigInteger.som; sourceTree = "<group>"; };
		E18AE2820FB1C44700EE6540 /* Block.som */ = {isa = PBXFileReference; fileEncoding = 4; lastKnownFileType = text; path = Block.som; sourceTree = "<group>"; };
		E18AE2830FB1C44700EE6540 /* Block1.som */ = {isa = PBXFileReference; fileEncoding = 4; lastKnownFileType = text; path = Block1.som; sourceTree = "<group>"; };
		E18AE2840FB1C44700EE6540 /* Block2.som */ = {isa = PBXFileReference; fileEncoding = 4; lastKnownFileType = text; path = Block2.som; sourceTree = "<group>"; };
		E18AE2850FB1C44700EE6540 /* Block3.som */ = {isa = PBXFileReference; fileEncoding = 4; lastKnownFileType = text; path = Block3.som; sourceTree = "<group>"; };
		E18AE2860FB1C44700EE6540 /* Boolean.som */ = {isa = PBXFileReference; fileEncoding = 4; lastKnownFileType = text; path = Boolean.som; sourceTree = "<group>"; };
		E18AE2870FB1C44700EE6540 /* Class.som */ = {isa = PBXFileReference; fileEncoding = 4; lastKnownFileType = text; path = Class.som; sourceTree = "<group>"; };
		E18AE2880FB1C44700EE6540 /* Dictionary.som */ = {isa = PBXFileReference; fileEncoding = 4; lastKnownFileType = text; path = Dictionary.som; sourceTree = "<group>"; };
		E18AE2890FB1C44700EE6540 /* Double.som */ = {isa = PBXFileReference; fileEncoding = 4; lastKnownFileType = text; path = Double.som; sourceTree = "<group>"; };
		E18AE28A0FB1C44700EE6540 /* False.som */ = {isa = PBXFileReference; fileEncoding = 4; lastKnownFileType = text; path = False.som; sourceTree = "<group>"; };
		E18AE28C0FB1C44700EE6540 /* HashEntry.som */ = {isa = PBXFileReference; fileEncoding = 4; lastKnownFileType = text; path = HashEntry.som; sourceTree = "<group>"; };
		E18AE28D0FB1C44700EE6540 /* Hashtable.som */ = {isa = PBXFileReference; fileEncoding = 4; lastKnownFileType = text; path = Hashtable.som; sourceTree = "<group>"; };
		E18AE28E0FB1C44700EE6540 /* Integer.som */ = {isa = PBXFileReference; fileEncoding = 4; lastKnownFileType = text; path = Integer.som; sourceTree = "<group>"; };
		E18AE28F0FB1C44700EE6540 /* Metaclass.som */ = {isa = PBXFileReference; fileEncoding = 4; lastKnownFileType = text; path = Metaclass.som; sourceTree = "<group>"; };
		E18AE2900FB1C44700EE6540 /* Method.som */ = {isa = PBXFileReference; fileEncoding = 4; lastKnownFileType = text; path = Method.som; sourceTree = "<group>"; };
		E18AE2910FB1C44700EE6540 /* Nil.som */ = {isa = PBXFileReference; fileEncoding = 4; lastKnownFileType = text; path = Nil.som; sourceTree = "<group>"; };
		E18AE2920FB1C44700EE6540 /* Object.som */ = {isa = PBXFileReference; fileEncoding = 4; lastKnownFileType = text; path = Object.som; sourceTree = "<group>"; };
		E18AE2930FB1C44700EE6540 /* Pair.som */ = {isa = PBXFileReference; fileEncoding = 4; lastKnownFileType = text; path = Pair.som; sourceTree = "<group>"; };
		E18AE2940FB1C44700EE6540 /* Primitive.som */ = {isa = PBXFileReference; fileEncoding = 4; lastKnownFileType = text; path = Primitive.som; sourceTree = "<group>"; };
		E18AE2950FB1C44700EE6540 /* Set.som */ = {isa = PBXFileReference; fileEncoding = 4; lastKnownFileType = text; path = Set.som; sourceTree = "<group>"; };
		E18AE2970FB1C44700EE6540 /* String.som */ = {isa = PBXFileReference; fileEncoding = 4; lastKnownFileType = text; path = String.som; sourceTree = "<group>"; };
		E18AE2980FB1C44700EE6540 /* Symbol.som */ = {isa = PBXFileReference; fileEncoding = 4; lastKnownFileType = text; path = Symbol.som; sourceTree = "<group>"; };
		E18AE2990FB1C44700EE6540 /* System.som */ = {isa = PBXFileReference; fileEncoding = 4; lastKnownFileType = text; path = System.som; sourceTree = "<group>"; };
		E18AE29A0FB1C44700EE6540 /* True.som */ = {isa = PBXFileReference; fileEncoding = 4; lastKnownFileType = text; path = True.som; sourceTree = "<group>"; };
		E18AE29B0FB1C44700EE6540 /* Vector.som */ = {isa = PBXFileReference; fileEncoding = 4; lastKnownFileType = text; path = Vector.som; sourceTree = "<group>"; };
		E18AE29E0FB1C45E00EE6540 /* All.som */ = {isa = PBXFileReference; fileEncoding = 4; lastKnownFileType = text; path = All.som; sourceTree = "<group>"; };
		E18AE29F0FB1C45E00EE6540 /* Ball.som */ = {isa = PBXFileReference; fileEncoding = 4; lastKnownFileType = text; path = Ball.som; sourceTree = "<group>"; };
		E18AE2A00FB1C45E00EE6540 /* Benchmark.som */ = {isa = PBXFileReference; fileEncoding = 4; lastKnownFileType = text; path = Benchmark.som; sourceTree = "<group>"; };
		E18AE2A10FB1C45E00EE6540 /* Bounce.som */ = {isa = PBXFileReference; fileEncoding = 4; lastKnownFileType = text; path = Bounce.som; sourceTree = "<group>"; };
		E18AE2A20FB1C45E00EE6540 /* BubbleSort.som */ = {isa = PBXFileReference; fileEncoding = 4; lastKnownFileType = text; path = BubbleSort.som; sourceTree = "<group>"; };
		E18AE2A30FB1C45E00EE6540 /* Dispatch.som */ = {isa = PBXFileReference; fileEncoding = 4; lastKnownFileType = text; path = Dispatch.som; sourceTree = "<group>"; };
		E18AE2A40FB1C45E00EE6540 /* Fibonacci.som */ = {isa = PBXFileReference; fileEncoding = 4; lastKnownFileType = text; path = Fibonacci.som; sourceTree = "<group>"; };
		E18AE2A50FB1C45E00EE6540 /* IntegerLoop.som */ = {isa = PBXFileReference; fileEncoding = 4; lastKnownFileType = text; path = IntegerLoop.som; sourceTree = "<group>"; };
		E18AE2A60FB1C45E00EE6540 /* List.som */ = {isa = PBXFileReference; fileEncoding = 4; lastKnownFileType = text; path = List.som; sourceTree = "<group>"; };
		E18AE2A70FB1C45E00EE6540 /* ListElement.som */ = {isa = PBXFileReference; fileEncoding = 4; lastKnownFileType = text; path = ListElement.som; sourceTree = "<group>"; };
		E18AE2A80FB1C45E00EE6540 /* Loop.som */ = {isa = PBXFileReference; fileEncoding = 4; lastKnownFileType = text; path = Loop.som; sourceTree = "<group>"; };
		E18AE2A90FB1C45E00EE6540 /* Permute.som */ = {isa = PBXFileReference; fileEncoding = 4; lastKnownFileType = text; path = Permute.som; sourceTree = "<group>"; };
		E18AE2AA0FB1C45E00EE6540 /* Queens.som */ = {isa = PBXFileReference; fileEncoding = 4; lastKnownFileType = text; path = Queens.som; sourceTree = "<group>"; };
		E18AE2AB0FB1C45E00EE6540 /* QuickSort.som */ = {isa = PBXFileReference; fileEncoding = 4; lastKnownFileType = text; path = QuickSort.som; sourceTree = "<group>"; };
		E18AE2AC0FB1C45E00EE6540 /* Random.som */ = {isa = PBXFileReference; fileEncoding = 4; lastKnownFileType = text; path = Random.som; sourceTree = "<group>"; };
		E18AE2AD0FB1C45E00EE6540 /* Recurse.som */ = {isa = PBXFileReference; fileEncoding = 4; lastKnownFileType = text; path = Recurse.som; sourceTree = "<group>"; };
		E18AE2AE0FB1C45E00EE6540 /* Sieve.som */ = {isa = PBXFileReference; fileEncoding = 4; lastKnownFileType = text; path = Sieve.som; sourceTree = "<group>"; };
		E18AE2AF0FB1C45E00EE6540 /* Sort.som */ = {isa = PBXFileReference; fileEncoding = 4; lastKnownFileType = text; path = Sort.som; sourceTree = "<group>"; };
		E18AE2B00FB1C45E00EE6540 /* Storage.som */ = {isa = PBXFileReference; fileEncoding = 4; lastKnownFileType = text; path = Storage.som; sourceTree = "<group>"; };
		E18AE2B10FB1C45E00EE6540 /* Sum.som */ = {isa = PBXFileReference; fileEncoding = 4; lastKnownFileType = text; path = Sum.som; sourceTree = "<group>"; };
		E18AE2B20FB1C45E00EE6540 /* Towers.som */ = {isa = PBXFileReference; fileEncoding = 4; lastKnownFileType = text; path = Towers.som; sourceTree = "<group>"; };
		E18AE2B30FB1C45E00EE6540 /* TowersDisk.som */ = {isa = PBXFileReference; fileEncoding = 4; lastKnownFileType = text; path = TowersDisk.som; sourceTree = "<group>"; };
		E18AE2B40FB1C45E00EE6540 /* TreeNode.som */ = {isa = PBXFileReference; fileEncoding = 4; lastKnownFileType = text; path = TreeNode.som; sourceTree = "<group>"; };
		E18AE2B50FB1C45E00EE6540 /* TreeSort.som */ = {isa = PBXFileReference; fileEncoding = 4; lastKnownFileType = text; path = TreeSort.som; sourceTree = "<group>"; };
		E18AE2B70FB1C45E00EE6540 /* Echo.som */ = {isa = PBXFileReference; fileEncoding = 4; lastKnownFileType = text; path = Echo.som; sourceTree = "<group>"; };
		E18AE2B90FB1C45E00EE6540 /* Hello.som */ = {isa = PBXFileReference; fileEncoding = 4; lastKnownFileType = text; path = Hello.som; sourceTree = "<group>"; };
		E18AE2BB0FB1C45E00EE6540 /* Apple.som */ = {isa = PBXFileReference; fileEncoding = 4; lastKnownFileType = text; path = Apple.som; sourceTree = "<group>"; };
		E18AE2BC0FB1C45E00EE6540 /* Board.som */ = {isa = PBXFileReference; fileEncoding = 4; lastKnownFileType = text; path = Board.som; sourceTree = "<group>"; };
		E18AE2BD0FB1C45E00EE6540 /* BoardView.som */ = {isa = PBXFileReference; fileEncoding = 4; lastKnownFileType = text; path = BoardView.som; sourceTree = "<group>"; };
		E18AE2BE0FB1C45E00EE6540 /* Core.cpp */ = {isa = PBXFileReference; fileEncoding = 4; lastKnownFileType = sourcecode.cpp.cpp; path = Core.cpp; sourceTree = "<group>"; };
		E18AE2BF0FB1C45E00EE6540 /* Element.som */ = {isa = PBXFileReference; fileEncoding = 4; lastKnownFileType = text; path = Element.som; sourceTree = "<group>"; };
		E18AE2C00FB1C45E00EE6540 /* Main.som */ = {isa = PBXFileReference; fileEncoding = 4; lastKnownFileType = text; path = Main.som; sourceTree = "<group>"; };
		E18AE2C10FB1C45E00EE6540 /* Makefile */ = {isa = PBXFileReference; fileEncoding = 4; lastKnownFileType = sourcecode.make; path = Makefile; sourceTree = "<group>"; };
		E18AE2C20FB1C45E00EE6540 /* Snake.som */ = {isa = PBXFileReference; fileEncoding = 4; lastKnownFileType = text; path = Snake.som; sourceTree = "<group>"; };
		E18AE2C30FB1C45E00EE6540 /* SnakeElement.som */ = {isa = PBXFileReference; fileEncoding = 4; lastKnownFileType = text; path = SnakeElement.som; sourceTree = "<group>"; };
		E18AE2C40FB1C45E00EE6540 /* Terminal.cpp */ = {isa = PBXFileReference; fileEncoding = 4; lastKnownFileType = sourcecode.cpp.cpp; path = Terminal.cpp; sourceTree = "<group>"; };
		E18AE2C50FB1C45E00EE6540 /* Terminal.h */ = {isa = PBXFileReference; fileEncoding = 4; lastKnownFileType = sourcecode.c.h; path = Terminal.h; sourceTree = "<group>"; };
		E18AE2C60FB1C45E00EE6540 /* Terminal.som */ = {isa = PBXFileReference; fileEncoding = 4; lastKnownFileType = text; path = Terminal.som; sourceTree = "<group>"; };
		E18AE2C80FB1C45E00EE6540 /* StringTest.som */ = {isa = PBXFileReference; fileEncoding = 4; lastKnownFileType = text; path = StringTest.som; sourceTree = "<group>"; };
		E18AE2CA0FB1C46B00EE6540 /* ArrayTest.som */ = {isa = PBXFileReference; fileEncoding = 4; lastKnownFileType = text; path = ArrayTest.som; sourceTree = "<group>"; };
		E18AE2CB0FB1C46B00EE6540 /* BigIntegerTest.som */ = {isa = PBXFileReference; fileEncoding = 4; lastKnownFileType = text; path = BigIntegerTest.som; sourceTree = "<group>"; };
		E18AE2CC0FB1C46B00EE6540 /* ClosureTest.som */ = {isa = PBXFileReference; fileEncoding = 4; lastKnownFileType = text; path = ClosureTest.som; sourceTree = "<group>"; };
		E18AE2CD0FB1C46B00EE6540 /* CoercionTest.som */ = {isa = PBXFileReference; fileEncoding = 4; lastKnownFileType = text; path = CoercionTest.som; sourceTree = "<group>"; };
		E18AE2CE0FB1C46B00EE6540 /* DoubleTest.som */ = {isa = PBXFileReference; fileEncoding = 4; lastKnownFileType = text; path = DoubleTest.som; sourceTree = "<group>"; };
		E18AE2CF0FB1C46B00EE6540 /* EmptyTest.som */ = {isa = PBXFileReference; fileEncoding = 4; lastKnownFileType = text; path = EmptyTest.som; sourceTree = "<group>"; };
		E18AE2D00FB1C46B00EE6540 /* HashTest.som */ = {isa = PBXFileReference; fileEncoding = 4; lastKnownFileType = text; path = HashTest.som; sourceTree = "<group>"; };
		E18AE2D10FB1C46B00EE6540 /* IntegerTest.som */ = {isa = PBXFileReference; fileEncoding = 4; lastKnownFileType = text; path = IntegerTest.som; sourceTree = "<group>"; };
		E18AE2D20FB1C46B00EE6540 /* ObjectSizeTest.som */ = {isa = PBXFileReference; fileEncoding = 4; lastKnownFileType = text; path = ObjectSizeTest.som; sourceTree = "<group>"; };
		E18AE2D30FB1C46B00EE6540 /* PreliminaryTest.som */ = {isa = PBXFileReference; fileEncoding = 4; lastKnownFileType = text; path = PreliminaryTest.som; sourceTree = "<group>"; };
		E18AE2D40FB1C46B00EE6540 /* ReflectionTest.som */ = {isa = PBXFileReference; fileEncoding = 4; lastKnownFileType = text; path = ReflectionTest.som; sourceTree = "<group>"; };
		E18AE2D50FB1C46B00EE6540 /* SelfBlockTest.som */ = {isa = PBXFileReference; fileEncoding = 4; lastKnownFileType = text; path = SelfBlockTest.som; sourceTree = "<group>"; };
		E18AE2D60FB1C46B00EE6540 /* SuperTest.som */ = {isa = PBXFileReference; fileEncoding = 4; lastKnownFileType = text; path = SuperTest.som; sourceTree = "<group>"; };
		E18AE2D70FB1C46B00EE6540 /* SuperTestSuperClass.som */ = {isa = PBXFileReference; fileEncoding = 4; lastKnownFileType = text; path = SuperTestSuperClass.som; sourceTree = "<group>"; };
		E18AE2D80FB1C46B00EE6540 /* SymbolTest.som */ = {isa = PBXFileReference; fileEncoding = 4; lastKnownFileType = text; path = SymbolTest.som; sourceTree = "<group>"; };
		E18AE2D90FB1C46B00EE6540 /* TestHarness.som */ = {isa = PBXFileReference; fileEncoding = 4; lastKnownFileType = text; path = TestHarness.som; sourceTree = "<group>"; };
		E18AE2DA0FB1C4A500EE6540 /* CompilerReturnTest.som */ = {isa = PBXFileReference; fileEncoding = 4; lastKnownFileType = text; path = CompilerReturnTest.som; sourceTree = "<group>"; };
/* End PBXFileReference section */

/* Begin PBXFrameworksBuildPhase section */
		0A1886C21832BBC900A2CBCA /* Frameworks */ = {
			isa = PBXFrameworksBuildPhase;
			buildActionMask = 2147483647;
			files = (
			);
			runOnlyForDeploymentPostprocessing = 0;
		};
		0A67EA6419ACD37200830E3B /* Frameworks */ = {
			isa = PBXFrameworksBuildPhase;
			buildActionMask = 2147483647;
			files = (
			);
			runOnlyForDeploymentPostprocessing = 0;
		};
/* End PBXFrameworksBuildPhase section */

/* Begin PBXGroup section */
		0A1886C61832BBC900A2CBCA /* Products */ = {
			isa = PBXGroup;
			children = (
				0A1886C51832BBC900A2CBCA /* SOM++ */,
				0A67EA6719ACD37200830E3B /* unittests */,
			);
			name = Products;
			sourceTree = "<group>";
		};
		0A1886C71832BBC900A2CBCA /* SOM++ */ = {
			isa = PBXGroup;
			children = (
			);
			path = "SOM++";
			sourceTree = "<group>";
		};
		0A67EA7A19ACD44000830E3B /* unittests */ = {
			isa = PBXGroup;
			children = (
				0A67EA7019ACD43A00830E3B /* CloneObjectsTest.cpp */,
				0A67EA7119ACD43A00830E3B /* main.cpp */,
				0A67EAA319ACE09700830E3B /* CloneObjectsTest.h */,
				0A67EAA519ACE09700830E3B /* WalkObjectsTest.h */,
				0A67EAA619ACE09700830E3B /* WriteBarrierTest.h */,
				0A67EA7319ACD43A00830E3B /* WalkObjectsTest.cpp */,
				0A67EA7419ACD43A00830E3B /* WriteBarrierTest.cpp */,
			);
			name = unittests;
			sourceTree = "<group>";
		};
		3F5202720FA661D900E75857 = {
			isa = PBXGroup;
			children = (
				0A18873A1832C62100A2CBCA /* AUTHORS */,
				0A18873B1832C62100A2CBCA /* Examples */,
				0A18873C1832C62100A2CBCA /* LICENSE */,
				0A18873D1832C62100A2CBCA /* README.md */,
				0A18873E1832C62100A2CBCA /* Smalltalk */,
				0A1887401832C62100A2CBCA /* TestSuite */,
				E18AE2C90FB1C46B00EE6540 /* TestSuite */,
				E18AE29C0FB1C45E00EE6540 /* Examples */,
				E18AE27F0FB1C44700EE6540 /* Smalltalk */,
				3F5202920FA6624C00E75857 /* build */,
				3F5202EF0FA6624C00E75857 /* src */,
				0A1886C71832BBC900A2CBCA /* SOM++ */,
				0A1886C61832BBC900A2CBCA /* Products */,
			);
			sourceTree = "<group>";
		};
		3F5202920FA6624C00E75857 /* build */ = {
			isa = PBXGroup;
			children = (
				3F5202930FA6624C00E75857 /* build_darwin.sh */,
				3F5202940FA6624C00E75857 /* Darwin.make */,
				3F5202950FA6624C00E75857 /* Linux.make */,
				3F5202A40FA6624C00E75857 /* windows.make */,
			);
			path = build;
			sourceTree = "<group>";
		};
		3F5202EF0FA6624C00E75857 /* src */ = {
			isa = PBXGroup;
			children = (
				0A67EA7A19ACD44000830E3B /* unittests */,
				3F5202F00FA6624C00E75857 /* compiler */,
				3F5203000FA6624C00E75857 /* interpreter */,
				3F5203050FA6624C00E75857 /* Main.cpp */,
				3F5203060FA6624C00E75857 /* memory */,
				3F52030B0FA6624C00E75857 /* misc */,
				3F5203110FA6624C00E75857 /* primitives */,
				3F5203280FA6624C00E75857 /* primitivesCore */,
				3F52032F0FA6624C00E75857 /* vm */,
				3F5203340FA6624C00E75857 /* vmobjects */,
			);
			path = src;
			sourceTree = "<group>";
		};
		3F5202F00FA6624C00E75857 /* compiler */ = {
			isa = PBXGroup;
			children = (
				3F5202F10FA6624C00E75857 /* BytecodeGenerator.cpp */,
				3F5202F20FA6624C00E75857 /* BytecodeGenerator.h */,
				3F5202F30FA6624C00E75857 /* ClassGenerationContext.cpp */,
				3F5202F40FA6624C00E75857 /* ClassGenerationContext.h */,
				3F5202F50FA6624C00E75857 /* Disassembler.cpp */,
				3F5202F60FA6624C00E75857 /* Disassembler.h */,
				3F5202F70FA6624C00E75857 /* Lexer.cpp */,
				3F5202F80FA6624C00E75857 /* Lexer.h */,
				3F5202F90FA6624C00E75857 /* MethodGenerationContext.cpp */,
				3F5202FA0FA6624C00E75857 /* MethodGenerationContext.h */,
				3F5202FB0FA6624C00E75857 /* Parser.cpp */,
				3F5202FC0FA6624C00E75857 /* Parser.h */,
				3F5202FD0FA6624C00E75857 /* SourcecodeCompiler.cpp */,
				3F5202FE0FA6624C00E75857 /* SourcecodeCompiler.h */,
			);
			path = compiler;
			sourceTree = "<group>";
		};
		3F5203000FA6624C00E75857 /* interpreter */ = {
			isa = PBXGroup;
			children = (
				3F5203010FA6624C00E75857 /* bytecodes.cpp */,
				3F5203020FA6624C00E75857 /* bytecodes.h */,
				3F5203030FA6624C00E75857 /* Interpreter.cpp */,
				3F5203040FA6624C00E75857 /* Interpreter.h */,
			);
			path = interpreter;
			sourceTree = "<group>";
		};
		3F5203060FA6624C00E75857 /* memory */ = {
			isa = PBXGroup;
			children = (
				0A18871D1832C10E00A2CBCA /* CopyingCollector.cpp */,
				0A18871E1832C10E00A2CBCA /* CopyingCollector.h */,
				0A18871F1832C10E00A2CBCA /* CopyingHeap.cpp */,
				0A1887201832C10E00A2CBCA /* CopyingHeap.h */,
				0A1887211832C10E00A2CBCA /* GenerationalCollector.cpp */,
				0A1887221832C10E00A2CBCA /* GenerationalCollector.h */,
				0A1887231832C10E00A2CBCA /* GenerationalHeap.cpp */,
				0A1887241832C10E00A2CBCA /* GenerationalHeap.h */,
				0A1887251832C10E00A2CBCA /* MarkSweepCollector.cpp */,
				0A1887261832C10E00A2CBCA /* MarkSweepCollector.h */,
				0A1887271832C10E00A2CBCA /* MarkSweepHeap.cpp */,
				0A1887281832C10E00A2CBCA /* MarkSweepHeap.h */,
				3F5203080FA6624C00E75857 /* GarbageCollector.h */,
				3F5203090FA6624C00E75857 /* Heap.cpp */,
				3F52030A0FA6624C00E75857 /* Heap.h */,
			);
			path = memory;
			sourceTree = "<group>";
		};
		3F52030B0FA6624C00E75857 /* misc */ = {
			isa = PBXGroup;
			children = (
				3F52030C0FA6624C00E75857 /* debug.h */,
				3F52030D0FA6624C00E75857 /* defs.h */,
				3F52030E0FA6624C00E75857 /* ExtendedList.h */,
				3F52030F0FA6624C00E75857 /* gettimeofday.h */,
				0A1887371832C12E00A2CBCA /* Timer.cpp */,
				0A1887381832C12E00A2CBCA /* Timer.h */,
			);
			path = misc;
			sourceTree = "<group>";
		};
		3F5203110FA6624C00E75857 /* primitives */ = {
			isa = PBXGroup;
			children = (
				3F5203120FA6624C00E75857 /* Array.cpp */,
				3F5203130FA6624C00E75857 /* Array.h */,
				3F5203160FA6624C00E75857 /* Block.cpp */,
				3F5203170FA6624C00E75857 /* Block.h */,
				3F5203180FA6624C00E75857 /* Class.cpp */,
				3F5203190FA6624C00E75857 /* Class.h */,
				3F52031C0FA6624C00E75857 /* Double.cpp */,
				3F52031D0FA6624C00E75857 /* Double.h */,
				3F52031E0FA6624C00E75857 /* Integer.cpp */,
				3F52031F0FA6624C00E75857 /* Integer.h */,
				0A335F6B1832D64100D7CFC8 /* Method.cpp */,
				0A335F6C1832D64100D7CFC8 /* Method.h */,
				3F5203200FA6624C00E75857 /* Object.cpp */,
				3F5203210FA6624C00E75857 /* Object.h */,
				0A335F6F1832D65100D7CFC8 /* Primitive.cpp */,
				0A335F701832D65100D7CFC8 /* Primitive.h */,
				3F5203220FA6624C00E75857 /* String.cpp */,
				3F5203230FA6624C00E75857 /* String.h */,
				3F5203240FA6624C00E75857 /* Symbol.cpp */,
				3F5203250FA6624C00E75857 /* Symbol.h */,
				3F5203260FA6624C00E75857 /* System.cpp */,
				3F5203270FA6624C00E75857 /* System.h */,
			);
			path = primitives;
			sourceTree = "<group>";
		};
		3F5203280FA6624C00E75857 /* primitivesCore */ = {
			isa = PBXGroup;
			children = (
				3F5203290FA6624C00E75857 /* PrimitiveContainer.cpp */,
				3F52032A0FA6624C00E75857 /* PrimitiveContainer.h */,
				3F52032B0FA6624C00E75857 /* PrimitiveLoader.cpp */,
				3F52032C0FA6624C00E75857 /* PrimitiveLoader.h */,
				3F52032E0FA6624C00E75857 /* Routine.h */,
			);
			path = primitivesCore;
			sourceTree = "<group>";
		};
		3F52032F0FA6624C00E75857 /* vm */ = {
			isa = PBXGroup;
			children = (
				3F5203300FA6624C00E75857 /* Shell.cpp */,
				3F5203310FA6624C00E75857 /* Shell.h */,
				3F5203320FA6624C00E75857 /* Universe.cpp */,
				3F5203330FA6624C00E75857 /* Universe.h */,
			);
			path = vm;
			sourceTree = "<group>";
		};
		3F5203340FA6624C00E75857 /* vmobjects */ = {
			isa = PBXGroup;
			children = (
				0A1887091832C0E400A2CBCA /* AbstractObject.cpp */,
				0A18870A1832C0E400A2CBCA /* AbstractObject.h */,
				3F5203350FA6624C00E75857 /* ObjectFormats.h */,
				3F5203360FA6624C00E75857 /* PrimitiveRoutine.h */,
				0A32B7FC199D6143002825DF /* IntegerBox.cpp */,
				0A32B7FD199D6143002825DF /* IntegerBox.h */,
				3F5203370FA6624C00E75857 /* Signature.cpp */,
				3F5203380FA6624C00E75857 /* Signature.h */,
				3F52033B0FA6624C00E75857 /* VMArray.cpp */,
				3F52033C0FA6624C00E75857 /* VMArray.h */,
				3F52033F0FA6624C00E75857 /* VMBlock.cpp */,
				3F5203400FA6624C00E75857 /* VMBlock.h */,
				3F5203410FA6624C00E75857 /* VMClass.cpp */,
				3F5203420FA6624C00E75857 /* VMClass.h */,
				3F5203430FA6624C00E75857 /* VMDouble.cpp */,
				3F5203440FA6624C00E75857 /* VMDouble.h */,
				3F5203450FA6624C00E75857 /* VMEvaluationPrimitive.cpp */,
				3F5203460FA6624C00E75857 /* VMEvaluationPrimitive.h */,
				3F5203470FA6624C00E75857 /* VMFrame.cpp */,
				3F5203480FA6624C00E75857 /* VMFrame.h */,
				3F52034B0FA6624C00E75857 /* VMInteger.cpp */,
				3F52034C0FA6624C00E75857 /* VMInteger.h */,
				3F52034D0FA6624C00E75857 /* VMInvokable.cpp */,
				3F52034E0FA6624C00E75857 /* VMInvokable.h */,
				3F52034F0FA6624C00E75857 /* VMMethod.cpp */,
				3F5203500FA6624C00E75857 /* VMMethod.h */,
				3F5203510FA6624C00E75857 /* VMObject.cpp */,
				3F5203520FA6624C00E75857 /* VMObject.h */,
				0A32B80119A12A03002825DF /* VMObjectBase.h */,
				3F5203530FA6624C00E75857 /* VMPrimitive.cpp */,
				3F5203540FA6624C00E75857 /* VMPrimitive.h */,
				3F5203550FA6624C00E75857 /* VMString.cpp */,
				3F5203560FA6624C00E75857 /* VMString.h */,
				3F5203570FA6624C00E75857 /* VMSymbol.cpp */,
				3F5203580FA6624C00E75857 /* VMSymbol.h */,
			);
			path = vmobjects;
			sourceTree = "<group>";
		};
		E18AE27F0FB1C44700EE6540 /* Smalltalk */ = {
			isa = PBXGroup;
			children = (
				E18AE2800FB1C44700EE6540 /* Array.som */,
				E18AE2810FB1C44700EE6540 /* BigInteger.som */,
				E18AE2820FB1C44700EE6540 /* Block.som */,
				E18AE2830FB1C44700EE6540 /* Block1.som */,
				E18AE2840FB1C44700EE6540 /* Block2.som */,
				E18AE2850FB1C44700EE6540 /* Block3.som */,
				E18AE2860FB1C44700EE6540 /* Boolean.som */,
				E18AE2870FB1C44700EE6540 /* Class.som */,
				E18AE2880FB1C44700EE6540 /* Dictionary.som */,
				E18AE2890FB1C44700EE6540 /* Double.som */,
				E18AE28A0FB1C44700EE6540 /* False.som */,
				E18AE28C0FB1C44700EE6540 /* HashEntry.som */,
				E18AE28D0FB1C44700EE6540 /* Hashtable.som */,
				E18AE28E0FB1C44700EE6540 /* Integer.som */,
				E18AE28F0FB1C44700EE6540 /* Metaclass.som */,
				E18AE2900FB1C44700EE6540 /* Method.som */,
				E18AE2910FB1C44700EE6540 /* Nil.som */,
				E18AE2920FB1C44700EE6540 /* Object.som */,
				E18AE2930FB1C44700EE6540 /* Pair.som */,
				E18AE2940FB1C44700EE6540 /* Primitive.som */,
				E18AE2950FB1C44700EE6540 /* Set.som */,
				E18AE2970FB1C44700EE6540 /* String.som */,
				E18AE2980FB1C44700EE6540 /* Symbol.som */,
				E18AE2990FB1C44700EE6540 /* System.som */,
				E18AE29A0FB1C44700EE6540 /* True.som */,
				E18AE29B0FB1C44700EE6540 /* Vector.som */,
			);
			path = Smalltalk;
			sourceTree = "<group>";
		};
		E18AE29C0FB1C45E00EE6540 /* Examples */ = {
			isa = PBXGroup;
			children = (
				E18AE29D0FB1C45E00EE6540 /* Benchmarks */,
				E18AE2B60FB1C45E00EE6540 /* Echo */,
				E18AE2B80FB1C45E00EE6540 /* Hello */,
				E18AE2BA0FB1C45E00EE6540 /* Snake */,
				E18AE2C70FB1C45E00EE6540 /* StringTest */,
			);
			path = Examples;
			sourceTree = "<group>";
		};
		E18AE29D0FB1C45E00EE6540 /* Benchmarks */ = {
			isa = PBXGroup;
			children = (
				E18AE29E0FB1C45E00EE6540 /* All.som */,
				E18AE29F0FB1C45E00EE6540 /* Ball.som */,
				E18AE2A00FB1C45E00EE6540 /* Benchmark.som */,
				E18AE2A10FB1C45E00EE6540 /* Bounce.som */,
				E18AE2A20FB1C45E00EE6540 /* BubbleSort.som */,
				E18AE2A30FB1C45E00EE6540 /* Dispatch.som */,
				E18AE2A40FB1C45E00EE6540 /* Fibonacci.som */,
				E18AE2A50FB1C45E00EE6540 /* IntegerLoop.som */,
				E18AE2A60FB1C45E00EE6540 /* List.som */,
				E18AE2A70FB1C45E00EE6540 /* ListElement.som */,
				E18AE2A80FB1C45E00EE6540 /* Loop.som */,
				E18AE2A90FB1C45E00EE6540 /* Permute.som */,
				E18AE2AA0FB1C45E00EE6540 /* Queens.som */,
				E18AE2AB0FB1C45E00EE6540 /* QuickSort.som */,
				E18AE2AC0FB1C45E00EE6540 /* Random.som */,
				E18AE2AD0FB1C45E00EE6540 /* Recurse.som */,
				E18AE2AE0FB1C45E00EE6540 /* Sieve.som */,
				E18AE2AF0FB1C45E00EE6540 /* Sort.som */,
				E18AE2B00FB1C45E00EE6540 /* Storage.som */,
				E18AE2B10FB1C45E00EE6540 /* Sum.som */,
				E18AE2B20FB1C45E00EE6540 /* Towers.som */,
				E18AE2B30FB1C45E00EE6540 /* TowersDisk.som */,
				E18AE2B40FB1C45E00EE6540 /* TreeNode.som */,
				E18AE2B50FB1C45E00EE6540 /* TreeSort.som */,
			);
			path = Benchmarks;
			sourceTree = "<group>";
		};
		E18AE2B60FB1C45E00EE6540 /* Echo */ = {
			isa = PBXGroup;
			children = (
				E18AE2B70FB1C45E00EE6540 /* Echo.som */,
			);
			path = Echo;
			sourceTree = "<group>";
		};
		E18AE2B80FB1C45E00EE6540 /* Hello */ = {
			isa = PBXGroup;
			children = (
				E18AE2B90FB1C45E00EE6540 /* Hello.som */,
			);
			path = Hello;
			sourceTree = "<group>";
		};
		E18AE2BA0FB1C45E00EE6540 /* Snake */ = {
			isa = PBXGroup;
			children = (
				E18AE2BB0FB1C45E00EE6540 /* Apple.som */,
				E18AE2BC0FB1C45E00EE6540 /* Board.som */,
				E18AE2BD0FB1C45E00EE6540 /* BoardView.som */,
				E18AE2BE0FB1C45E00EE6540 /* Core.cpp */,
				E18AE2BF0FB1C45E00EE6540 /* Element.som */,
				E18AE2C00FB1C45E00EE6540 /* Main.som */,
				E18AE2C10FB1C45E00EE6540 /* Makefile */,
				E18AE2C20FB1C45E00EE6540 /* Snake.som */,
				E18AE2C30FB1C45E00EE6540 /* SnakeElement.som */,
				E18AE2C40FB1C45E00EE6540 /* Terminal.cpp */,
				E18AE2C50FB1C45E00EE6540 /* Terminal.h */,
				E18AE2C60FB1C45E00EE6540 /* Terminal.som */,
			);
			path = Snake;
			sourceTree = "<group>";
		};
		E18AE2C70FB1C45E00EE6540 /* StringTest */ = {
			isa = PBXGroup;
			children = (
				E18AE2C80FB1C45E00EE6540 /* StringTest.som */,
			);
			path = StringTest;
			sourceTree = "<group>";
		};
		E18AE2C90FB1C46B00EE6540 /* TestSuite */ = {
			isa = PBXGroup;
			children = (
				E18AE2CA0FB1C46B00EE6540 /* ArrayTest.som */,
				E18AE2CB0FB1C46B00EE6540 /* BigIntegerTest.som */,
				E18AE2CC0FB1C46B00EE6540 /* ClosureTest.som */,
				E18AE2CD0FB1C46B00EE6540 /* CoercionTest.som */,
				E18AE2CE0FB1C46B00EE6540 /* DoubleTest.som */,
				E18AE2CF0FB1C46B00EE6540 /* EmptyTest.som */,
				E18AE2D00FB1C46B00EE6540 /* HashTest.som */,
				E18AE2D10FB1C46B00EE6540 /* IntegerTest.som */,
				E18AE2D20FB1C46B00EE6540 /* ObjectSizeTest.som */,
				E18AE2D30FB1C46B00EE6540 /* PreliminaryTest.som */,
				E18AE2D40FB1C46B00EE6540 /* ReflectionTest.som */,
				E18AE2D50FB1C46B00EE6540 /* SelfBlockTest.som */,
				E18AE2D60FB1C46B00EE6540 /* SuperTest.som */,
				E18AE2D70FB1C46B00EE6540 /* SuperTestSuperClass.som */,
				E18AE2D80FB1C46B00EE6540 /* SymbolTest.som */,
				E18AE2D90FB1C46B00EE6540 /* TestHarness.som */,
				E18AE2DA0FB1C4A500EE6540 /* CompilerReturnTest.som */,
			);
			path = TestSuite;
			sourceTree = "<group>";
		};
/* End PBXGroup section */

/* Begin PBXLegacyTarget section */
		3F5202860FA661FF00E75857 /* make */ = {
			isa = PBXLegacyTarget;
			buildArgumentsString = "build/build_darwin.sh $MAKE_ARGS";
			buildConfigurationList = 3F52028D0FA6621600E75857 /* Build configuration list for PBXLegacyTarget "make" */;
			buildPhases = (
			);
			buildToolPath = /bin/sh;
			dependencies = (
			);
			name = make;
			passBuildSettingsInEnvironment = 0;
			productName = "SOM++";
		};
/* End PBXLegacyTarget section */

/* Begin PBXNativeTarget section */
		0A1886C41832BBC900A2CBCA /* SOM++ */ = {
			isa = PBXNativeTarget;
			buildConfigurationList = 0A1886C81832BBC900A2CBCA /* Build configuration list for PBXNativeTarget "SOM++" */;
			buildPhases = (
				0A1886C11832BBC900A2CBCA /* Sources */,
				0A1886C21832BBC900A2CBCA /* Frameworks */,
				0A1886C31832BBC900A2CBCA /* CopyFiles */,
			);
			buildRules = (
			);
			dependencies = (
			);
			name = "SOM++";
			productName = "SOM++";
			productReference = 0A1886C51832BBC900A2CBCA /* SOM++ */;
			productType = "com.apple.product-type.tool";
		};
		0A67EA6619ACD37200830E3B /* unittests */ = {
			isa = PBXNativeTarget;
			buildConfigurationList = 0A67EA6F19ACD37200830E3B /* Build configuration list for PBXNativeTarget "unittests" */;
			buildPhases = (
				0A67EA6319ACD37200830E3B /* Sources */,
				0A67EA6419ACD37200830E3B /* Frameworks */,
				0A67EA6519ACD37200830E3B /* CopyFiles */,
			);
			buildRules = (
			);
			dependencies = (
			);
			name = unittests;
			productName = unittests;
			productReference = 0A67EA6719ACD37200830E3B /* unittests */;
			productType = "com.apple.product-type.tool";
		};
/* End PBXNativeTarget section */

/* Begin PBXProject section */
		3F5202740FA661D900E75857 /* Project object */ = {
			isa = PBXProject;
			attributes = {
				LastUpgradeCheck = 0610;
			};
			buildConfigurationList = 3F5202770FA661D900E75857 /* Build configuration list for PBXProject "SOM" */;
			compatibilityVersion = "Xcode 3.2";
			developmentRegion = English;
			hasScannedForEncodings = 0;
			knownRegions = (
				en,
			);
			mainGroup = 3F5202720FA661D900E75857;
			productRefGroup = 0A1886C61832BBC900A2CBCA /* Products */;
			projectDirPath = "";
			projectRoot = "";
			targets = (
				3F5202860FA661FF00E75857 /* make */,
				0A1886C41832BBC900A2CBCA /* SOM++ */,
				0A67EA6619ACD37200830E3B /* unittests */,
			);
		};
/* End PBXProject section */

/* Begin PBXSourcesBuildPhase section */
		0A1886C11832BBC900A2CBCA /* Sources */ = {
			isa = PBXSourcesBuildPhase;
			buildActionMask = 2147483647;
			files = (
				0A1887041832BCFA00A2CBCA /* VMPrimitive.cpp in Sources */,
				0A1886E31832BCD300A2CBCA /* bytecodes.cpp in Sources */,
				0A1887361832C10E00A2CBCA /* MarkSweepHeap.cpp in Sources */,
				0A1886DD1832BCC800A2CBCA /* ClassGenerationContext.cpp in Sources */,
				0A3A3C941A5D546D004CB03B /* Class.cpp in Sources */,
				0A18870B1832C0E400A2CBCA /* AbstractObject.cpp in Sources */,
				0A3A3C991A5D546D004CB03B /* Primitive.cpp in Sources */,
				0A1886FF1832BCF500A2CBCA /* VMFrame.cpp in Sources */,
				0A1886E41832BCD300A2CBCA /* Interpreter.cpp in Sources */,
				0A1886E71832BCDC00A2CBCA /* Heap.cpp in Sources */,
				0A1886F71832BCF500A2CBCA /* Signature.cpp in Sources */,
				0A1887351832C10E00A2CBCA /* MarkSweepCollector.cpp in Sources */,
				0A3A3C9E1A5D546D004CB03B /* Condition.cpp in Sources */,
				0A1886FB1832BCF500A2CBCA /* VMBlock.cpp in Sources */,
				0A1887391832C12E00A2CBCA /* Timer.cpp in Sources */,
				0A1887021832BCFA00A2CBCA /* VMMethod.cpp in Sources */,
				0A3A3CB11A5D5475004CB03B /* PrimitiveLoader.cpp in Sources */,
				0A1887001832BCFA00A2CBCA /* VMInteger.cpp in Sources */,
				0A3A3C931A5D546D004CB03B /* Block.cpp in Sources */,
				0A3A3CB01A5D5475004CB03B /* PrimitiveContainer.cpp in Sources */,
				0A3A3C981A5D546D004CB03B /* Object.cpp in Sources */,
				0A1886E01832BCC800A2CBCA /* MethodGenerationContext.cpp in Sources */,
				0A3A3C9C1A5D546D004CB03B /* System.cpp in Sources */,
				0A1886F91832BCF500A2CBCA /* VMArray.cpp in Sources */,
				0A3A3C971A5D546D004CB03B /* Method.cpp in Sources */,
				0A1886E51832BCD700A2CBCA /* Main.cpp in Sources */,
				0A1887331832C10E00A2CBCA /* GenerationalCollector.cpp in Sources */,
				0A3A3C961A5D546D004CB03B /* Integer.cpp in Sources */,
				0A1887341832C10E00A2CBCA /* GenerationalHeap.cpp in Sources */,
				0A1887031832BCFA00A2CBCA /* VMObject.cpp in Sources */,
				0A1886DC1832BCC800A2CBCA /* BytecodeGenerator.cpp in Sources */,
				0A1887051832BCFA00A2CBCA /* VMString.cpp in Sources */,
				0A3A3C9A1A5D546D004CB03B /* String.cpp in Sources */,
				0A3A3C951A5D546D004CB03B /* Double.cpp in Sources */,
				0A1886F61832BCED00A2CBCA /* Universe.cpp in Sources */,
				0A1886E21832BCC800A2CBCA /* SourcecodeCompiler.cpp in Sources */,
				0A1886FC1832BCF500A2CBCA /* VMClass.cpp in Sources */,
				0A1886DF1832BCC800A2CBCA /* Lexer.cpp in Sources */,
				0A1886F51832BCED00A2CBCA /* Shell.cpp in Sources */,
				0A1887321832C10E00A2CBCA /* CopyingHeap.cpp in Sources */,
				0A1887061832BCFA00A2CBCA /* VMSymbol.cpp in Sources */,
				0A1887011832BCFA00A2CBCA /* VMInvokable.cpp in Sources */,
				0A3A3C921A5D546D004CB03B /* Array.cpp in Sources */,
				0A1886E11832BCC800A2CBCA /* Parser.cpp in Sources */,
				0A1886FD1832BCF500A2CBCA /* VMDouble.cpp in Sources */,
				0A3A3C9B1A5D546D004CB03B /* Symbol.cpp in Sources */,
				0A32B7FE199D6143002825DF /* IntegerBox.cpp in Sources */,
				0A1886FE1832BCF500A2CBCA /* VMEvaluationPrimitive.cpp in Sources */,
				0A1887311832C10E00A2CBCA /* CopyingCollector.cpp in Sources */,
				0A1886DE1832BCC800A2CBCA /* Disassembler.cpp in Sources */,
			);
			runOnlyForDeploymentPostprocessing = 0;
		};
		0A67EA6319ACD37200830E3B /* Sources */ = {
			isa = PBXSourcesBuildPhase;
			buildActionMask = 2147483647;
			files = (
				0A3A3CAB1A5D546D004CB03B /* System.cpp in Sources */,
				0A3A3CA31A5D546D004CB03B /* Class.cpp in Sources */,
				0A67EA9019ACD83200830E3B /* Lexer.cpp in Sources */,
				0A3A3CA71A5D546D004CB03B /* Object.cpp in Sources */,
				0A3A3CB21A5D5476004CB03B /* PrimitiveContainer.cpp in Sources */,
				0A67EA8419ACD74800830E3B /* VMFrame.cpp in Sources */,
				0A67EA7D19ACD74800830E3B /* Signature.cpp in Sources */,
				0A67EA7E19ACD74800830E3B /* VMArray.cpp in Sources */,
				0A67EA8719ACD74800830E3B /* VMObject.cpp in Sources */,
				0A3A3CA11A5D546D004CB03B /* Array.cpp in Sources */,
				0A3A3CAA1A5D546D004CB03B /* Symbol.cpp in Sources */,
				0A67EA8619ACD74800830E3B /* VMMethod.cpp in Sources */,
				0A67EA7519ACD43A00830E3B /* CloneObjectsTest.cpp in Sources */,
				0A67EA7919ACD43A00830E3B /* WriteBarrierTest.cpp in Sources */,
				0A67EA9819ACD85300830E3B /* GenerationalCollector.cpp in Sources */,
				0A67EA7B19ACD72C00830E3B /* VMInvokable.cpp in Sources */,
				0A67EA9119ACD83200830E3B /* MethodGenerationContext.cpp in Sources */,
				0A3A3CA61A5D546D004CB03B /* Method.cpp in Sources */,
				0A67EA7819ACD43A00830E3B /* WalkObjectsTest.cpp in Sources */,
				0A67EA8B19ACD82100830E3B /* Shell.cpp in Sources */,
				0A67EA8C19ACD82100830E3B /* Universe.cpp in Sources */,
				0A67EA8019ACD74800830E3B /* VMBlock.cpp in Sources */,
				0A67EA8919ACD74800830E3B /* VMString.cpp in Sources */,
				0A67EA9419ACD83900830E3B /* bytecodes.cpp in Sources */,
				0A67EA8319ACD74800830E3B /* VMEvaluationPrimitive.cpp in Sources */,
				0A67EA9219ACD83200830E3B /* Parser.cpp in Sources */,
				0A3A3CA51A5D546D004CB03B /* Integer.cpp in Sources */,
				0A67EA8F19ACD83200830E3B /* Disassembler.cpp in Sources */,
				0A67EA9719ACD84F00830E3B /* GenerationalHeap.cpp in Sources */,
				0A67EA9519ACD83900830E3B /* Interpreter.cpp in Sources */,
				0A67EA8A19ACD74800830E3B /* VMSymbol.cpp in Sources */,
				0A67EA7C19ACD74800830E3B /* AbstractObject.cpp in Sources */,
				0A67EA8E19ACD83200830E3B /* ClassGenerationContext.cpp in Sources */,
				0A3A3CB31A5D5476004CB03B /* PrimitiveLoader.cpp in Sources */,
				0A67EA8219ACD74800830E3B /* VMDouble.cpp in Sources */,
				0A67EA9A19ACD85E00830E3B /* Heap.cpp in Sources */,
				0A67EA8119ACD74800830E3B /* VMClass.cpp in Sources */,
				0A3A3CA81A5D546D004CB03B /* Primitive.cpp in Sources */,
				0A67EA9619ACD84300830E3B /* Timer.cpp in Sources */,
				0A67EA8D19ACD83200830E3B /* BytecodeGenerator.cpp in Sources */,
				0A67EA7619ACD43A00830E3B /* main.cpp in Sources */,
				0A67EA8819ACD74800830E3B /* VMPrimitive.cpp in Sources */,
				0A3A3CA21A5D546D004CB03B /* Block.cpp in Sources */,
				0A3A3CA91A5D546D004CB03B /* String.cpp in Sources */,
				0A67EA9319ACD83200830E3B /* SourcecodeCompiler.cpp in Sources */,
				0A3A3CA41A5D546D004CB03B /* Double.cpp in Sources */,
				0A67EA8519ACD74800830E3B /* VMInteger.cpp in Sources */,
			);
			runOnlyForDeploymentPostprocessing = 0;
		};
/* End PBXSourcesBuildPhase section */

/* Begin XCBuildConfiguration section */
		0A1886C91832BBC900A2CBCA /* Debug */ = {
			isa = XCBuildConfiguration;
			buildSettings = {
				ALWAYS_SEARCH_USER_PATHS = NO;
				CLANG_CXX_LANGUAGE_STANDARD = "gnu++0x";
				CLANG_CXX_LIBRARY = "libc++";
				CLANG_ENABLE_OBJC_ARC = YES;
				CLANG_WARN_BOOL_CONVERSION = YES;
				CLANG_WARN_CONSTANT_CONVERSION = YES;
				CLANG_WARN_DIRECT_OBJC_ISA_USAGE = YES_ERROR;
				CLANG_WARN_EMPTY_BODY = YES;
				CLANG_WARN_ENUM_CONVERSION = YES;
				CLANG_WARN_INT_CONVERSION = YES;
				CLANG_WARN_OBJC_ROOT_CLASS = YES_ERROR;
				CLANG_WARN__DUPLICATE_METHOD_MATCH = YES;
				GCC_C_LANGUAGE_STANDARD = gnu99;
				GCC_DYNAMIC_NO_PIC = NO;
				GCC_ENABLE_OBJC_EXCEPTIONS = YES;
				GCC_OPTIMIZATION_LEVEL = 0;
				GCC_PREPROCESSOR_DEFINITIONS = (
					"DEBUG=1",
					"$(inherited)",
				);
				GCC_SYMBOLS_PRIVATE_EXTERN = NO;
				GCC_WARN_64_TO_32_BIT_CONVERSION = YES;
				GCC_WARN_ABOUT_RETURN_TYPE = YES_ERROR;
				GCC_WARN_UNDECLARED_SELECTOR = YES;
				GCC_WARN_UNINITIALIZED_AUTOS = YES;
				GCC_WARN_UNUSED_FUNCTION = YES;
				GCC_WARN_UNUSED_VARIABLE = YES;
				HEADER_SEARCH_PATHS = (
					"$(inherited)",
					/Applications/Xcode.app/Contents/Developer/Toolchains/XcodeDefault.xctoolchain/usr/include,
					src,
				);
				MACOSX_DEPLOYMENT_TARGET = 10.9;
				PRODUCT_NAME = "$(TARGET_NAME)";
			};
			name = Debug;
		};
		0A1886CA1832BBC900A2CBCA /* Release */ = {
			isa = XCBuildConfiguration;
			buildSettings = {
				ALWAYS_SEARCH_USER_PATHS = NO;
				CLANG_CXX_LANGUAGE_STANDARD = "gnu++0x";
				CLANG_CXX_LIBRARY = "libc++";
				CLANG_ENABLE_OBJC_ARC = YES;
				CLANG_WARN_BOOL_CONVERSION = YES;
				CLANG_WARN_CONSTANT_CONVERSION = YES;
				CLANG_WARN_DIRECT_OBJC_ISA_USAGE = YES_ERROR;
				CLANG_WARN_EMPTY_BODY = YES;
				CLANG_WARN_ENUM_CONVERSION = YES;
				CLANG_WARN_INT_CONVERSION = YES;
				CLANG_WARN_OBJC_ROOT_CLASS = YES_ERROR;
				CLANG_WARN__DUPLICATE_METHOD_MATCH = YES;
				DEBUG_INFORMATION_FORMAT = "dwarf-with-dsym";
				ENABLE_NS_ASSERTIONS = NO;
				GCC_C_LANGUAGE_STANDARD = gnu99;
				GCC_ENABLE_OBJC_EXCEPTIONS = YES;
				GCC_SYMBOLS_PRIVATE_EXTERN = NO;
				GCC_WARN_64_TO_32_BIT_CONVERSION = YES;
				GCC_WARN_ABOUT_RETURN_TYPE = YES_ERROR;
				GCC_WARN_UNDECLARED_SELECTOR = YES;
				GCC_WARN_UNINITIALIZED_AUTOS = YES;
				GCC_WARN_UNUSED_FUNCTION = YES;
				GCC_WARN_UNUSED_VARIABLE = YES;
				HEADER_SEARCH_PATHS = (
					"$(inherited)",
					/Applications/Xcode.app/Contents/Developer/Toolchains/XcodeDefault.xctoolchain/usr/include,
					src,
				);
				MACOSX_DEPLOYMENT_TARGET = 10.9;
				PRODUCT_NAME = "$(TARGET_NAME)";
			};
			name = Release;
		};
		0A67EA6D19ACD37200830E3B /* Debug */ = {
			isa = XCBuildConfiguration;
			buildSettings = {
				ALWAYS_SEARCH_USER_PATHS = NO;
				CLANG_CXX_LANGUAGE_STANDARD = "gnu++0x";
				CLANG_CXX_LIBRARY = "libc++";
				CLANG_ENABLE_MODULES = YES;
				CLANG_ENABLE_OBJC_ARC = YES;
				CLANG_WARN_BOOL_CONVERSION = YES;
				CLANG_WARN_CONSTANT_CONVERSION = YES;
				CLANG_WARN_DIRECT_OBJC_ISA_USAGE = YES_ERROR;
				CLANG_WARN_EMPTY_BODY = YES;
				CLANG_WARN_ENUM_CONVERSION = YES;
				CLANG_WARN_INT_CONVERSION = YES;
				CLANG_WARN_OBJC_ROOT_CLASS = YES_ERROR;
				CLANG_WARN__DUPLICATE_METHOD_MATCH = YES;
				GCC_C_LANGUAGE_STANDARD = gnu99;
				GCC_DYNAMIC_NO_PIC = NO;
				GCC_ENABLE_OBJC_EXCEPTIONS = YES;
				GCC_OPTIMIZATION_LEVEL = 0;
				GCC_PREPROCESSOR_DEFINITIONS = (
					"DEBUG=1",
					"$(inherited)",
				);
				GCC_SYMBOLS_PRIVATE_EXTERN = NO;
				GCC_WARN_64_TO_32_BIT_CONVERSION = YES;
				GCC_WARN_ABOUT_RETURN_TYPE = YES_ERROR;
				GCC_WARN_UNDECLARED_SELECTOR = YES;
				GCC_WARN_UNINITIALIZED_AUTOS = YES_AGGRESSIVE;
				GCC_WARN_UNUSED_FUNCTION = YES;
				GCC_WARN_UNUSED_VARIABLE = YES;
				HEADER_SEARCH_PATHS = (
					"$(inherited)",
					/Applications/Xcode.app/Contents/Developer/Toolchains/XcodeDefault.xctoolchain/usr/include,
					/opt/local/include,
					src,
				);
				MACOSX_DEPLOYMENT_TARGET = 10.9;
				OTHER_CFLAGS = (
					"-DGC_TYPE=GENERATIONAL",
					"-DUNITTESTS",
				);
				OTHER_LDFLAGS = (
					"-lcppunit",
					"-L/opt/local/lib",
				);
				PRODUCT_NAME = "$(TARGET_NAME)";
			};
			name = Debug;
		};
		0A67EA6E19ACD37200830E3B /* Release */ = {
			isa = XCBuildConfiguration;
			buildSettings = {
				ALWAYS_SEARCH_USER_PATHS = NO;
				CLANG_CXX_LANGUAGE_STANDARD = "gnu++0x";
				CLANG_CXX_LIBRARY = "libc++";
				CLANG_ENABLE_MODULES = YES;
				CLANG_ENABLE_OBJC_ARC = YES;
				CLANG_WARN_BOOL_CONVERSION = YES;
				CLANG_WARN_CONSTANT_CONVERSION = YES;
				CLANG_WARN_DIRECT_OBJC_ISA_USAGE = YES_ERROR;
				CLANG_WARN_EMPTY_BODY = YES;
				CLANG_WARN_ENUM_CONVERSION = YES;
				CLANG_WARN_INT_CONVERSION = YES;
				CLANG_WARN_OBJC_ROOT_CLASS = YES_ERROR;
				CLANG_WARN__DUPLICATE_METHOD_MATCH = YES;
				DEBUG_INFORMATION_FORMAT = "dwarf-with-dsym";
				ENABLE_NS_ASSERTIONS = NO;
				GCC_C_LANGUAGE_STANDARD = gnu99;
				GCC_ENABLE_OBJC_EXCEPTIONS = YES;
				GCC_WARN_64_TO_32_BIT_CONVERSION = YES;
				GCC_WARN_ABOUT_RETURN_TYPE = YES_ERROR;
				GCC_WARN_UNDECLARED_SELECTOR = YES;
				GCC_WARN_UNINITIALIZED_AUTOS = YES_AGGRESSIVE;
				GCC_WARN_UNUSED_FUNCTION = YES;
				GCC_WARN_UNUSED_VARIABLE = YES;
				HEADER_SEARCH_PATHS = (
					"$(inherited)",
					/Applications/Xcode.app/Contents/Developer/Toolchains/XcodeDefault.xctoolchain/usr/include,
					/opt/local/include,
					src,
				);
				MACOSX_DEPLOYMENT_TARGET = 10.9;
				OTHER_CFLAGS = (
					"-DGC_TYPE=GENERATIONAL",
					"-DUNITTESTS",
				);
				OTHER_LDFLAGS = (
					"-lcppunit",
					"-L/opt/local/lib",
				);
				PRODUCT_NAME = "$(TARGET_NAME)";
			};
			name = Release;
		};
		3F5202750FA661D900E75857 /* Debug */ = {
			isa = XCBuildConfiguration;
			buildSettings = {
				COPY_PHASE_STRIP = NO;
				MAKE_ARGS = debug;
				ONLY_ACTIVE_ARCH = YES;
				OTHER_CFLAGS = (
					"-DGC_TYPE=COPYING",
					"-DUSE_TAGGING=false",
				);
				VALID_ARCHS = x86_64;
			};
			name = Debug;
		};
		3F5202760FA661D900E75857 /* Release */ = {
			isa = XCBuildConfiguration;
			buildSettings = {
				COPY_PHASE_STRIP = YES;
				MAKE_ARGS = all;
				OTHER_CFLAGS = (
					"-DGC_TYPE=COPYING",
					"-DUSE_TAGGING=false",
				);
				VALID_ARCHS = x86_64;
			};
			name = Release;
		};
		3F5202870FA661FF00E75857 /* Debug */ = {
			isa = XCBuildConfiguration;
			buildSettings = {
				COPY_PHASE_STRIP = NO;
				GCC_DYNAMIC_NO_PIC = NO;
				GCC_OPTIMIZATION_LEVEL = 0;
				PRODUCT_NAME = make;
			};
			name = Debug;
		};
		3F5202880FA661FF00E75857 /* Release */ = {
			isa = XCBuildConfiguration;
			buildSettings = {
				COPY_PHASE_STRIP = YES;
				DEBUG_INFORMATION_FORMAT = "dwarf-with-dsym";
				GCC_ENABLE_FIX_AND_CONTINUE = NO;
				PRODUCT_NAME = make;
				ZERO_LINK = NO;
			};
			name = Release;
		};
/* End XCBuildConfiguration section */

/* Begin XCConfigurationList section */
		0A1886C81832BBC900A2CBCA /* Build configuration list for PBXNativeTarget "SOM++" */ = {
			isa = XCConfigurationList;
			buildConfigurations = (
				0A1886C91832BBC900A2CBCA /* Debug */,
				0A1886CA1832BBC900A2CBCA /* Release */,
			);
			defaultConfigurationIsVisible = 0;
			defaultConfigurationName = Release;
		};
		0A67EA6F19ACD37200830E3B /* Build configuration list for PBXNativeTarget "unittests" */ = {
			isa = XCConfigurationList;
			buildConfigurations = (
				0A67EA6D19ACD37200830E3B /* Debug */,
				0A67EA6E19ACD37200830E3B /* Release */,
			);
			defaultConfigurationIsVisible = 0;
			defaultConfigurationName = Release;
		};
		3F5202770FA661D900E75857 /* Build configuration list for PBXProject "SOM" */ = {
			isa = XCConfigurationList;
			buildConfigurations = (
				3F5202750FA661D900E75857 /* Debug */,
				3F5202760FA661D900E75857 /* Release */,
			);
			defaultConfigurationIsVisible = 0;
			defaultConfigurationName = Release;
		};
		3F52028D0FA6621600E75857 /* Build configuration list for PBXLegacyTarget "make" */ = {
			isa = XCConfigurationList;
			buildConfigurations = (
				3F5202870FA661FF00E75857 /* Debug */,
				3F5202880FA661FF00E75857 /* Release */,
			);
			defaultConfigurationIsVisible = 0;
			defaultConfigurationName = Release;
		};
/* End XCConfigurationList section */
	};
	rootObject = 3F5202740FA661D900E75857 /* Project object */;
}
